// !$*UTF8*$!
{
	archiveVersion = 1;
	classes = {
	};
	objectVersion = 56;
	objects = {

/* Begin PBXBuildFile section */
		6F36E01F2C1C2EE200C41257 /* View + Ext.swift in Sources */ = {isa = PBXBuildFile; fileRef = 6F36E01E2C1C2EE200C41257 /* View + Ext.swift */; };
		6F36E0222C1C3BBA00C41257 /* JakartaFonts.swift in Sources */ = {isa = PBXBuildFile; fileRef = 6F36E0212C1C3BBA00C41257 /* JakartaFonts.swift */; };
		6F7535422C19954B003D12AC /* LoginView.swift in Sources */ = {isa = PBXBuildFile; fileRef = 6F7535412C19954B003D12AC /* LoginView.swift */; };
		6F7535452C19956E003D12AC /* RegisterView.swift in Sources */ = {isa = PBXBuildFile; fileRef = 6F7535442C19956E003D12AC /* RegisterView.swift */; };
		6F7535492C199632003D12AC /* AuthViewModel.swift in Sources */ = {isa = PBXBuildFile; fileRef = 6F7535482C199632003D12AC /* AuthViewModel.swift */; };
		6F75354B2C1998D5003D12AC /* CustomTitleView.swift in Sources */ = {isa = PBXBuildFile; fileRef = 6F75354A2C1998D5003D12AC /* CustomTitleView.swift */; };
		6F75354D2C199C3B003D12AC /* CustomCheckBox.swift in Sources */ = {isa = PBXBuildFile; fileRef = 6F75354C2C199C3B003D12AC /* CustomCheckBox.swift */; };
		8C22A95E2C1C5AB000B3879B /* RegisterModel.swift in Sources */ = {isa = PBXBuildFile; fileRef = 8C22A95D2C1C5AB000B3879B /* RegisterModel.swift */; };
		8C22A9602C1C5AD800B3879B /* LoginModel.swift in Sources */ = {isa = PBXBuildFile; fileRef = 8C22A95F2C1C5AD800B3879B /* LoginModel.swift */; };
		8C22A9622C1C5AE800B3879B /* ResetPasswordModel.swift in Sources */ = {isa = PBXBuildFile; fileRef = 8C22A9612C1C5AE800B3879B /* ResetPasswordModel.swift */; };
		8C22A9642C1C5B0300B3879B /* OTPModel.swift in Sources */ = {isa = PBXBuildFile; fileRef = 8C22A9632C1C5B0300B3879B /* OTPModel.swift */; };
		8C22A9662C1C5B1200B3879B /* EmailModel.swift in Sources */ = {isa = PBXBuildFile; fileRef = 8C22A9652C1C5B1200B3879B /* EmailModel.swift */; };
		8C22A9692C1C5E5400B3879B /* JSONConverter.swift in Sources */ = {isa = PBXBuildFile; fileRef = 8C22A9682C1C5E5400B3879B /* JSONConverter.swift */; };
		8C22A96F2C1C5EA200B3879B /* EndPointProtocol.swift in Sources */ = {isa = PBXBuildFile; fileRef = 8C22A96E2C1C5EA200B3879B /* EndPointProtocol.swift */; };
		8C22A9712C1C5EE300B3879B /* EndPoint.swift in Sources */ = {isa = PBXBuildFile; fileRef = 8C22A9702C1C5EE300B3879B /* EndPoint.swift */; };
		8C22A9742C1C5F1800B3879B /* HTTPAuthRepository.swift in Sources */ = {isa = PBXBuildFile; fileRef = 8C22A9732C1C5F1800B3879B /* HTTPAuthRepository.swift */; };
		8C22A9772C1C5F7100B3879B /* NetworkingPack in Frameworks */ = {isa = PBXBuildFile; productRef = 8C22A9762C1C5F7100B3879B /* NetworkingPack */; };
		A82DADFE2C18DD7300E18665 /* CustomButton.swift in Sources */ = {isa = PBXBuildFile; fileRef = A82DADFD2C18DD7300E18665 /* CustomButton.swift */; };
		A82DAE002C18E11700E18665 /* CustomTextField.swift in Sources */ = {isa = PBXBuildFile; fileRef = A82DADFF2C18E11700E18665 /* CustomTextField.swift */; };
		A82DAE032C18E34B00E18665 /* Constants.swift in Sources */ = {isa = PBXBuildFile; fileRef = A82DAE022C18E34B00E18665 /* Constants.swift */; };
		FB55BD552C1B0CAD00F81FDB /* PlusJakartaSans-SemiBoldItalic.ttf in Resources */ = {isa = PBXBuildFile; fileRef = FB55BD472C1B0CAC00F81FDB /* PlusJakartaSans-SemiBoldItalic.ttf */; };
		FB55BD562C1B0CAD00F81FDB /* PlusJakartaSans-BoldItalic.ttf in Resources */ = {isa = PBXBuildFile; fileRef = FB55BD482C1B0CAC00F81FDB /* PlusJakartaSans-BoldItalic.ttf */; };
		FB55BD572C1B0CAD00F81FDB /* PlusJakartaSans-ExtraLight.ttf in Resources */ = {isa = PBXBuildFile; fileRef = FB55BD492C1B0CAC00F81FDB /* PlusJakartaSans-ExtraLight.ttf */; };
		FB55BD582C1B0CAD00F81FDB /* PlusJakartaSans-Bold.ttf in Resources */ = {isa = PBXBuildFile; fileRef = FB55BD4A2C1B0CAC00F81FDB /* PlusJakartaSans-Bold.ttf */; };
		FB55BD592C1B0CAD00F81FDB /* PlusJakartaSans-SemiBold.ttf in Resources */ = {isa = PBXBuildFile; fileRef = FB55BD4B2C1B0CAC00F81FDB /* PlusJakartaSans-SemiBold.ttf */; };
		FB55BD5A2C1B0CAD00F81FDB /* PlusJakartaSans-MediumItalic.ttf in Resources */ = {isa = PBXBuildFile; fileRef = FB55BD4C2C1B0CAD00F81FDB /* PlusJakartaSans-MediumItalic.ttf */; };
		FB55BD5B2C1B0CAD00F81FDB /* PlusJakartaSans-Regular.ttf in Resources */ = {isa = PBXBuildFile; fileRef = FB55BD4D2C1B0CAD00F81FDB /* PlusJakartaSans-Regular.ttf */; };
		FB55BD5C2C1B0CAD00F81FDB /* PlusJakartaSans-ExtraBold.ttf in Resources */ = {isa = PBXBuildFile; fileRef = FB55BD4E2C1B0CAD00F81FDB /* PlusJakartaSans-ExtraBold.ttf */; };
		FB55BD5D2C1B0CAD00F81FDB /* PlusJakartaSans-ExtraLightItalic.ttf in Resources */ = {isa = PBXBuildFile; fileRef = FB55BD4F2C1B0CAD00F81FDB /* PlusJakartaSans-ExtraLightItalic.ttf */; };
		FB55BD5E2C1B0CAD00F81FDB /* PlusJakartaSans-Italic.ttf in Resources */ = {isa = PBXBuildFile; fileRef = FB55BD502C1B0CAD00F81FDB /* PlusJakartaSans-Italic.ttf */; };
		FB55BD5F2C1B0CAD00F81FDB /* PlusJakartaSans-Light.ttf in Resources */ = {isa = PBXBuildFile; fileRef = FB55BD512C1B0CAD00F81FDB /* PlusJakartaSans-Light.ttf */; };
		FB55BD602C1B0CAD00F81FDB /* PlusJakartaSans-Medium.ttf in Resources */ = {isa = PBXBuildFile; fileRef = FB55BD522C1B0CAD00F81FDB /* PlusJakartaSans-Medium.ttf */; };
		FB55BD612C1B0CAD00F81FDB /* PlusJakartaSans-ExtraBoldItalic.ttf in Resources */ = {isa = PBXBuildFile; fileRef = FB55BD532C1B0CAD00F81FDB /* PlusJakartaSans-ExtraBoldItalic.ttf */; };
		FB55BD622C1B0CAD00F81FDB /* PlusJakartaSans-LightItalic.ttf in Resources */ = {isa = PBXBuildFile; fileRef = FB55BD542C1B0CAD00F81FDB /* PlusJakartaSans-LightItalic.ttf */; };
		FB55BD652C1B0D7100F81FDB /* Fonts + Ext.swift in Sources */ = {isa = PBXBuildFile; fileRef = FB55BD642C1B0D7100F81FDB /* Fonts + Ext.swift */; };
		FB9753F12C19D49F006AF6A5 /* CountdownView.swift in Sources */ = {isa = PBXBuildFile; fileRef = FB9753F02C19D49F006AF6A5 /* CountdownView.swift */; };
		FBA4BA252C185BDD00BEDA9E /* OTPView.swift in Sources */ = {isa = PBXBuildFile; fileRef = FBA4BA242C185BDD00BEDA9E /* OTPView.swift */; };
		FBA4BA272C185EC100BEDA9E /* OTPTextField.swift in Sources */ = {isa = PBXBuildFile; fileRef = FBA4BA262C185EC100BEDA9E /* OTPTextField.swift */; };
		FBE048702C182C5900C71D2D /* Issue_SolverApp.swift in Sources */ = {isa = PBXBuildFile; fileRef = FBE0486F2C182C5900C71D2D /* Issue_SolverApp.swift */; };
		FBE048742C182C5D00C71D2D /* Assets.xcassets in Resources */ = {isa = PBXBuildFile; fileRef = FBE048732C182C5D00C71D2D /* Assets.xcassets */; };
		FBE048772C182C5D00C71D2D /* Preview Assets.xcassets in Resources */ = {isa = PBXBuildFile; fileRef = FBE048762C182C5D00C71D2D /* Preview Assets.xcassets */; };
		FBEA6C9D2C1C08E0008953CB /* EmailVerificationView.swift in Sources */ = {isa = PBXBuildFile; fileRef = FBEA6C9C2C1C08E0008953CB /* EmailVerificationView.swift */; };
		FBEA6C9F2C1C16BB008953CB /* PasswordChangeView.swift in Sources */ = {isa = PBXBuildFile; fileRef = FBEA6C9E2C1C16BB008953CB /* PasswordChangeView.swift */; };
/* End PBXBuildFile section */

/* Begin PBXFileReference section */
		6F36E01E2C1C2EE200C41257 /* View + Ext.swift */ = {isa = PBXFileReference; lastKnownFileType = sourcecode.swift; path = "View + Ext.swift"; sourceTree = "<group>"; };
		6F36E0212C1C3BBA00C41257 /* JakartaFonts.swift */ = {isa = PBXFileReference; lastKnownFileType = sourcecode.swift; path = JakartaFonts.swift; sourceTree = "<group>"; };
		6F7535412C19954B003D12AC /* LoginView.swift */ = {isa = PBXFileReference; lastKnownFileType = sourcecode.swift; path = LoginView.swift; sourceTree = "<group>"; };
		6F7535442C19956E003D12AC /* RegisterView.swift */ = {isa = PBXFileReference; lastKnownFileType = sourcecode.swift; path = RegisterView.swift; sourceTree = "<group>"; };
		6F7535482C199632003D12AC /* AuthViewModel.swift */ = {isa = PBXFileReference; lastKnownFileType = sourcecode.swift; path = AuthViewModel.swift; sourceTree = "<group>"; };
		6F75354A2C1998D5003D12AC /* CustomTitleView.swift */ = {isa = PBXFileReference; lastKnownFileType = sourcecode.swift; path = CustomTitleView.swift; sourceTree = "<group>"; };
		6F75354C2C199C3B003D12AC /* CustomCheckBox.swift */ = {isa = PBXFileReference; lastKnownFileType = sourcecode.swift; path = CustomCheckBox.swift; sourceTree = "<group>"; };
		8C22A95B2C1C54AC00B3879B /* NetworkingPack */ = {isa = PBXFileReference; lastKnownFileType = wrapper; path = NetworkingPack; sourceTree = SOURCE_ROOT; };
		8C22A95D2C1C5AB000B3879B /* RegisterModel.swift */ = {isa = PBXFileReference; lastKnownFileType = sourcecode.swift; path = RegisterModel.swift; sourceTree = "<group>"; };
		8C22A95F2C1C5AD800B3879B /* LoginModel.swift */ = {isa = PBXFileReference; lastKnownFileType = sourcecode.swift; path = LoginModel.swift; sourceTree = "<group>"; };
		8C22A9612C1C5AE800B3879B /* ResetPasswordModel.swift */ = {isa = PBXFileReference; lastKnownFileType = sourcecode.swift; path = ResetPasswordModel.swift; sourceTree = "<group>"; };
		8C22A9632C1C5B0300B3879B /* OTPModel.swift */ = {isa = PBXFileReference; lastKnownFileType = sourcecode.swift; path = OTPModel.swift; sourceTree = "<group>"; };
		8C22A9652C1C5B1200B3879B /* EmailModel.swift */ = {isa = PBXFileReference; lastKnownFileType = sourcecode.swift; path = EmailModel.swift; sourceTree = "<group>"; };
		8C22A9682C1C5E5400B3879B /* JSONConverter.swift */ = {isa = PBXFileReference; lastKnownFileType = sourcecode.swift; path = JSONConverter.swift; sourceTree = "<group>"; };
		8C22A96E2C1C5EA200B3879B /* EndPointProtocol.swift */ = {isa = PBXFileReference; lastKnownFileType = sourcecode.swift; path = EndPointProtocol.swift; sourceTree = "<group>"; };
		8C22A9702C1C5EE300B3879B /* EndPoint.swift */ = {isa = PBXFileReference; lastKnownFileType = sourcecode.swift; path = EndPoint.swift; sourceTree = "<group>"; };
		8C22A9732C1C5F1800B3879B /* HTTPAuthRepository.swift */ = {isa = PBXFileReference; lastKnownFileType = sourcecode.swift; path = HTTPAuthRepository.swift; sourceTree = "<group>"; };
		A82DADFD2C18DD7300E18665 /* CustomButton.swift */ = {isa = PBXFileReference; lastKnownFileType = sourcecode.swift; path = CustomButton.swift; sourceTree = "<group>"; };
		A82DADFF2C18E11700E18665 /* CustomTextField.swift */ = {isa = PBXFileReference; lastKnownFileType = sourcecode.swift; path = CustomTextField.swift; sourceTree = "<group>"; };
		A82DAE022C18E34B00E18665 /* Constants.swift */ = {isa = PBXFileReference; lastKnownFileType = sourcecode.swift; path = Constants.swift; sourceTree = "<group>"; };
		FB55BD472C1B0CAC00F81FDB /* PlusJakartaSans-SemiBoldItalic.ttf */ = {isa = PBXFileReference; lastKnownFileType = file; path = "PlusJakartaSans-SemiBoldItalic.ttf"; sourceTree = "<group>"; };
		FB55BD482C1B0CAC00F81FDB /* PlusJakartaSans-BoldItalic.ttf */ = {isa = PBXFileReference; lastKnownFileType = file; path = "PlusJakartaSans-BoldItalic.ttf"; sourceTree = "<group>"; };
		FB55BD492C1B0CAC00F81FDB /* PlusJakartaSans-ExtraLight.ttf */ = {isa = PBXFileReference; lastKnownFileType = file; path = "PlusJakartaSans-ExtraLight.ttf"; sourceTree = "<group>"; };
		FB55BD4A2C1B0CAC00F81FDB /* PlusJakartaSans-Bold.ttf */ = {isa = PBXFileReference; lastKnownFileType = file; path = "PlusJakartaSans-Bold.ttf"; sourceTree = "<group>"; };
		FB55BD4B2C1B0CAC00F81FDB /* PlusJakartaSans-SemiBold.ttf */ = {isa = PBXFileReference; lastKnownFileType = file; path = "PlusJakartaSans-SemiBold.ttf"; sourceTree = "<group>"; };
		FB55BD4C2C1B0CAD00F81FDB /* PlusJakartaSans-MediumItalic.ttf */ = {isa = PBXFileReference; lastKnownFileType = file; path = "PlusJakartaSans-MediumItalic.ttf"; sourceTree = "<group>"; };
		FB55BD4D2C1B0CAD00F81FDB /* PlusJakartaSans-Regular.ttf */ = {isa = PBXFileReference; lastKnownFileType = file; path = "PlusJakartaSans-Regular.ttf"; sourceTree = "<group>"; };
		FB55BD4E2C1B0CAD00F81FDB /* PlusJakartaSans-ExtraBold.ttf */ = {isa = PBXFileReference; lastKnownFileType = file; path = "PlusJakartaSans-ExtraBold.ttf"; sourceTree = "<group>"; };
		FB55BD4F2C1B0CAD00F81FDB /* PlusJakartaSans-ExtraLightItalic.ttf */ = {isa = PBXFileReference; lastKnownFileType = file; path = "PlusJakartaSans-ExtraLightItalic.ttf"; sourceTree = "<group>"; };
		FB55BD502C1B0CAD00F81FDB /* PlusJakartaSans-Italic.ttf */ = {isa = PBXFileReference; lastKnownFileType = file; path = "PlusJakartaSans-Italic.ttf"; sourceTree = "<group>"; };
		FB55BD512C1B0CAD00F81FDB /* PlusJakartaSans-Light.ttf */ = {isa = PBXFileReference; lastKnownFileType = file; path = "PlusJakartaSans-Light.ttf"; sourceTree = "<group>"; };
		FB55BD522C1B0CAD00F81FDB /* PlusJakartaSans-Medium.ttf */ = {isa = PBXFileReference; lastKnownFileType = file; path = "PlusJakartaSans-Medium.ttf"; sourceTree = "<group>"; };
		FB55BD532C1B0CAD00F81FDB /* PlusJakartaSans-ExtraBoldItalic.ttf */ = {isa = PBXFileReference; lastKnownFileType = file; path = "PlusJakartaSans-ExtraBoldItalic.ttf"; sourceTree = "<group>"; };
		FB55BD542C1B0CAD00F81FDB /* PlusJakartaSans-LightItalic.ttf */ = {isa = PBXFileReference; lastKnownFileType = file; path = "PlusJakartaSans-LightItalic.ttf"; sourceTree = "<group>"; };
		FB55BD642C1B0D7100F81FDB /* Fonts + Ext.swift */ = {isa = PBXFileReference; lastKnownFileType = sourcecode.swift; path = "Fonts + Ext.swift"; sourceTree = "<group>"; };
		FB55BD662C1B0F9B00F81FDB /* Issue-Solver-Info.plist */ = {isa = PBXFileReference; lastKnownFileType = text.plist; path = "Issue-Solver-Info.plist"; sourceTree = SOURCE_ROOT; };
		FB9753F02C19D49F006AF6A5 /* CountdownView.swift */ = {isa = PBXFileReference; lastKnownFileType = sourcecode.swift; path = CountdownView.swift; sourceTree = "<group>"; };
		FBA4BA242C185BDD00BEDA9E /* OTPView.swift */ = {isa = PBXFileReference; lastKnownFileType = sourcecode.swift; path = OTPView.swift; sourceTree = "<group>"; };
		FBA4BA262C185EC100BEDA9E /* OTPTextField.swift */ = {isa = PBXFileReference; lastKnownFileType = sourcecode.swift; path = OTPTextField.swift; sourceTree = "<group>"; };
		FBE0486C2C182C5900C71D2D /* Issue Solver.app */ = {isa = PBXFileReference; explicitFileType = wrapper.application; includeInIndex = 0; path = "Issue Solver.app"; sourceTree = BUILT_PRODUCTS_DIR; };
		FBE0486F2C182C5900C71D2D /* Issue_SolverApp.swift */ = {isa = PBXFileReference; lastKnownFileType = sourcecode.swift; path = Issue_SolverApp.swift; sourceTree = "<group>"; };
		FBE048732C182C5D00C71D2D /* Assets.xcassets */ = {isa = PBXFileReference; lastKnownFileType = folder.assetcatalog; path = Assets.xcassets; sourceTree = "<group>"; };
		FBE048762C182C5D00C71D2D /* Preview Assets.xcassets */ = {isa = PBXFileReference; lastKnownFileType = folder.assetcatalog; path = "Preview Assets.xcassets"; sourceTree = "<group>"; };
		FBEA6C9C2C1C08E0008953CB /* EmailVerificationView.swift */ = {isa = PBXFileReference; lastKnownFileType = sourcecode.swift; path = EmailVerificationView.swift; sourceTree = "<group>"; };
		FBEA6C9E2C1C16BB008953CB /* PasswordChangeView.swift */ = {isa = PBXFileReference; lastKnownFileType = sourcecode.swift; path = PasswordChangeView.swift; sourceTree = "<group>"; };
/* End PBXFileReference section */

/* Begin PBXFrameworksBuildPhase section */
		FBE048692C182C5900C71D2D /* Frameworks */ = {
			isa = PBXFrameworksBuildPhase;
			buildActionMask = 2147483647;
			files = (
				8C22A9772C1C5F7100B3879B /* NetworkingPack in Frameworks */,
			);
			runOnlyForDeploymentPostprocessing = 0;
		};
/* End PBXFrameworksBuildPhase section */

/* Begin PBXGroup section */
		6F36E01B2C1C2A5900C41257 /* Modifiers */ = {
			isa = PBXGroup;
			children = (
			);
			path = Modifiers;
			sourceTree = "<group>";
		};
		6F36E0202C1C3B0800C41257 /* Helpers */ = {
			isa = PBXGroup;
			children = (
				8C22A9722C1C5F1000B3879B /* Repository */,
				8C22A96D2C1C5E9500B3879B /* EndPoint */,
				8C22A9672C1C5E4100B3879B /* DataManager */,
				6F36E0212C1C3BBA00C41257 /* JakartaFonts.swift */,
			);
			path = Helpers;
			sourceTree = "<group>";
		};
		6F7535432C19955C003D12AC /* LoginView */ = {
			isa = PBXGroup;
			children = (
				6F7535412C19954B003D12AC /* LoginView.swift */,
				FBEA6C9C2C1C08E0008953CB /* EmailVerificationView.swift */,
				FBEA6C9E2C1C16BB008953CB /* PasswordChangeView.swift */,
			);
			path = LoginView;
			sourceTree = "<group>";
		};
		6F7535462C199577003D12AC /* ViewModels */ = {
			isa = PBXGroup;
			children = (
				6F7535482C199632003D12AC /* AuthViewModel.swift */,
			);
			path = ViewModels;
			sourceTree = "<group>";
		};
		6F75354E2C19A278003D12AC /* Custom */ = {
			isa = PBXGroup;
			children = (
				FB9753F02C19D49F006AF6A5 /* CountdownView.swift */,
				A82DADFD2C18DD7300E18665 /* CustomButton.swift */,
				A82DADFF2C18E11700E18665 /* CustomTextField.swift */,
				6F75354A2C1998D5003D12AC /* CustomTitleView.swift */,
				6F75354C2C199C3B003D12AC /* CustomCheckBox.swift */,
			);
			path = Custom;
			sourceTree = "<group>";
		};
		8C22A95C2C1C5A9B00B3879B /* Models */ = {
			isa = PBXGroup;
			children = (
				8C22A95D2C1C5AB000B3879B /* RegisterModel.swift */,
				8C22A95F2C1C5AD800B3879B /* LoginModel.swift */,
				8C22A9612C1C5AE800B3879B /* ResetPasswordModel.swift */,
				8C22A9632C1C5B0300B3879B /* OTPModel.swift */,
				8C22A9652C1C5B1200B3879B /* EmailModel.swift */,
			);
			path = Models;
			sourceTree = "<group>";
		};
		8C22A9672C1C5E4100B3879B /* DataManager */ = {
			isa = PBXGroup;
			children = (
				8C22A9682C1C5E5400B3879B /* JSONConverter.swift */,
			);
			path = DataManager;
			sourceTree = "<group>";
		};
		8C22A96D2C1C5E9500B3879B /* EndPoint */ = {
			isa = PBXGroup;
			children = (
				8C22A9702C1C5EE300B3879B /* EndPoint.swift */,
				8C22A96E2C1C5EA200B3879B /* EndPointProtocol.swift */,
			);
			path = EndPoint;
			sourceTree = "<group>";
		};
		8C22A9722C1C5F1000B3879B /* Repository */ = {
			isa = PBXGroup;
			children = (
				8C22A9732C1C5F1800B3879B /* HTTPAuthRepository.swift */,
			);
			path = Repository;
			sourceTree = "<group>";
		};
		8C22A9752C1C5F7100B3879B /* Frameworks */ = {
			isa = PBXGroup;
			children = (
			);
			name = Frameworks;
			sourceTree = "<group>";
		};
		A82DADFC2C18DCC400E18665 /* General Components */ = {
			isa = PBXGroup;
			children = (
				6F75354E2C19A278003D12AC /* Custom */,
			);
			path = "General Components";
			sourceTree = "<group>";
		};
		FB55BD462C1B0B6600F81FDB /* Fonts */ = {
			isa = PBXGroup;
			children = (
				FB55BD4A2C1B0CAC00F81FDB /* PlusJakartaSans-Bold.ttf */,
				FB55BD482C1B0CAC00F81FDB /* PlusJakartaSans-BoldItalic.ttf */,
				FB55BD4E2C1B0CAD00F81FDB /* PlusJakartaSans-ExtraBold.ttf */,
				FB55BD532C1B0CAD00F81FDB /* PlusJakartaSans-ExtraBoldItalic.ttf */,
				FB55BD492C1B0CAC00F81FDB /* PlusJakartaSans-ExtraLight.ttf */,
				FB55BD4F2C1B0CAD00F81FDB /* PlusJakartaSans-ExtraLightItalic.ttf */,
				FB55BD502C1B0CAD00F81FDB /* PlusJakartaSans-Italic.ttf */,
				FB55BD512C1B0CAD00F81FDB /* PlusJakartaSans-Light.ttf */,
				FB55BD542C1B0CAD00F81FDB /* PlusJakartaSans-LightItalic.ttf */,
				FB55BD522C1B0CAD00F81FDB /* PlusJakartaSans-Medium.ttf */,
				FB55BD4C2C1B0CAD00F81FDB /* PlusJakartaSans-MediumItalic.ttf */,
				FB55BD4D2C1B0CAD00F81FDB /* PlusJakartaSans-Regular.ttf */,
				FB55BD4B2C1B0CAC00F81FDB /* PlusJakartaSans-SemiBold.ttf */,
				FB55BD472C1B0CAC00F81FDB /* PlusJakartaSans-SemiBoldItalic.ttf */,
			);
			path = Fonts;
			sourceTree = "<group>";
		};
		FB55BD632C1B0D3500F81FDB /* Extensions */ = {
			isa = PBXGroup;
			children = (
				FB55BD642C1B0D7100F81FDB /* Fonts + Ext.swift */,
				6F36E01E2C1C2EE200C41257 /* View + Ext.swift */,
			);
			path = Extensions;
			sourceTree = "<group>";
		};
		FBA4BA1C2C183D0000BEDA9E /* Core */ = {
			isa = PBXGroup;
			children = (
				FBE0486F2C182C5900C71D2D /* Issue_SolverApp.swift */,
				FBE048732C182C5D00C71D2D /* Assets.xcassets */,
			);
			path = Core;
			sourceTree = "<group>";
		};
		FBA4BA1D2C183D1A00BEDA9E /* UI */ = {
			isa = PBXGroup;
			children = (
				A82DADFC2C18DCC400E18665 /* General Components */,
				FBA4BA1E2C183D2800BEDA9E /* Screens */,
				FBA4BA1F2C183D3B00BEDA9E /* UI Helpers */,
			);
			path = UI;
			sourceTree = "<group>";
		};
		FBA4BA1E2C183D2800BEDA9E /* Screens */ = {
			isa = PBXGroup;
			children = (
				FBA4BA222C18467200BEDA9E /* Authentication */,
			);
			path = Screens;
			sourceTree = "<group>";
		};
		FBA4BA1F2C183D3B00BEDA9E /* UI Helpers */ = {
			isa = PBXGroup;
			children = (
				6F36E01B2C1C2A5900C41257 /* Modifiers */,
				A82DAE022C18E34B00E18665 /* Constants.swift */,
				FB55BD462C1B0B6600F81FDB /* Fonts */,
			);
			path = "UI Helpers";
			sourceTree = "<group>";
		};
		FBA4BA222C18467200BEDA9E /* Authentication */ = {
			isa = PBXGroup;
			children = (
				8C22A95C2C1C5A9B00B3879B /* Models */,
				6F7535432C19955C003D12AC /* LoginView */,
				FBEA6C9B2C1C0865008953CB /* RegisterView */,
				6F7535462C199577003D12AC /* ViewModels */,
				FBA4BA232C185BB000BEDA9E /* OTP Screen */,
			);
			path = Authentication;
			sourceTree = "<group>";
		};
		FBA4BA232C185BB000BEDA9E /* OTP Screen */ = {
			isa = PBXGroup;
			children = (
				FBA4BA242C185BDD00BEDA9E /* OTPView.swift */,
				FBA4BA262C185EC100BEDA9E /* OTPTextField.swift */,
			);
			path = "OTP Screen";
			sourceTree = "<group>";
		};
		FBE048632C182C5900C71D2D = {
			isa = PBXGroup;
			children = (
				FBE0486E2C182C5900C71D2D /* Issue Solver */,
				FBE0486D2C182C5900C71D2D /* Products */,
				8C22A9752C1C5F7100B3879B /* Frameworks */,
			);
			sourceTree = "<group>";
		};
		FBE0486D2C182C5900C71D2D /* Products */ = {
			isa = PBXGroup;
			children = (
				FBE0486C2C182C5900C71D2D /* Issue Solver.app */,
			);
			name = Products;
			sourceTree = "<group>";
		};
		FBE0486E2C182C5900C71D2D /* Issue Solver */ = {
			isa = PBXGroup;
			children = (
				8C22A95B2C1C54AC00B3879B /* NetworkingPack */,
				FB55BD662C1B0F9B00F81FDB /* Issue-Solver-Info.plist */,
				FB55BD632C1B0D3500F81FDB /* Extensions */,
				FBA4BA1D2C183D1A00BEDA9E /* UI */,
				6F36E0202C1C3B0800C41257 /* Helpers */,
				FBA4BA1C2C183D0000BEDA9E /* Core */,
				FBE048752C182C5D00C71D2D /* Preview Content */,
			);
			path = "Issue Solver";
			sourceTree = "<group>";
		};
		FBE048752C182C5D00C71D2D /* Preview Content */ = {
			isa = PBXGroup;
			children = (
				FBE048762C182C5D00C71D2D /* Preview Assets.xcassets */,
			);
			path = "Preview Content";
			sourceTree = "<group>";
		};
		FBEA6C9B2C1C0865008953CB /* RegisterView */ = {
			isa = PBXGroup;
			children = (
				6F7535442C19956E003D12AC /* RegisterView.swift */,
			);
			path = RegisterView;
			sourceTree = "<group>";
		};
/* End PBXGroup section */

/* Begin PBXNativeTarget section */
		FBE0486B2C182C5900C71D2D /* Issue Solver */ = {
			isa = PBXNativeTarget;
			buildConfigurationList = FBE0487A2C182C5D00C71D2D /* Build configuration list for PBXNativeTarget "Issue Solver" */;
			buildPhases = (
				FBE048682C182C5900C71D2D /* Sources */,
				FBE048692C182C5900C71D2D /* Frameworks */,
				FBE0486A2C182C5900C71D2D /* Resources */,
			);
			buildRules = (
			);
			dependencies = (
			);
			name = "Issue Solver";
			packageProductDependencies = (
				8C22A9762C1C5F7100B3879B /* NetworkingPack */,
			);
			productName = "Issue Solver";
			productReference = FBE0486C2C182C5900C71D2D /* Issue Solver.app */;
			productType = "com.apple.product-type.application";
		};
/* End PBXNativeTarget section */

/* Begin PBXProject section */
		FBE048642C182C5900C71D2D /* Project object */ = {
			isa = PBXProject;
			attributes = {
				BuildIndependentTargetsInParallel = 1;
				LastSwiftUpdateCheck = 1540;
				LastUpgradeCheck = 1540;
				TargetAttributes = {
					FBE0486B2C182C5900C71D2D = {
						CreatedOnToolsVersion = 15.4;
					};
				};
			};
			buildConfigurationList = FBE048672C182C5900C71D2D /* Build configuration list for PBXProject "Issue Solver" */;
			compatibilityVersion = "Xcode 14.0";
			developmentRegion = en;
			hasScannedForEncodings = 0;
			knownRegions = (
				en,
				Base,
			);
			mainGroup = FBE048632C182C5900C71D2D;
			productRefGroup = FBE0486D2C182C5900C71D2D /* Products */;
			projectDirPath = "";
			projectRoot = "";
			targets = (
				FBE0486B2C182C5900C71D2D /* Issue Solver */,
			);
		};
/* End PBXProject section */

/* Begin PBXResourcesBuildPhase section */
		FBE0486A2C182C5900C71D2D /* Resources */ = {
			isa = PBXResourcesBuildPhase;
			buildActionMask = 2147483647;
			files = (
				FB55BD5E2C1B0CAD00F81FDB /* PlusJakartaSans-Italic.ttf in Resources */,
				FB55BD5D2C1B0CAD00F81FDB /* PlusJakartaSans-ExtraLightItalic.ttf in Resources */,
				FB55BD552C1B0CAD00F81FDB /* PlusJakartaSans-SemiBoldItalic.ttf in Resources */,
				FB55BD602C1B0CAD00F81FDB /* PlusJakartaSans-Medium.ttf in Resources */,
				FB55BD562C1B0CAD00F81FDB /* PlusJakartaSans-BoldItalic.ttf in Resources */,
				FB55BD572C1B0CAD00F81FDB /* PlusJakartaSans-ExtraLight.ttf in Resources */,
				FB55BD582C1B0CAD00F81FDB /* PlusJakartaSans-Bold.ttf in Resources */,
				FB55BD592C1B0CAD00F81FDB /* PlusJakartaSans-SemiBold.ttf in Resources */,
				FBE048772C182C5D00C71D2D /* Preview Assets.xcassets in Resources */,
				FB55BD5C2C1B0CAD00F81FDB /* PlusJakartaSans-ExtraBold.ttf in Resources */,
				FB55BD5F2C1B0CAD00F81FDB /* PlusJakartaSans-Light.ttf in Resources */,
				FB55BD5A2C1B0CAD00F81FDB /* PlusJakartaSans-MediumItalic.ttf in Resources */,
				FB55BD5B2C1B0CAD00F81FDB /* PlusJakartaSans-Regular.ttf in Resources */,
				FB55BD622C1B0CAD00F81FDB /* PlusJakartaSans-LightItalic.ttf in Resources */,
				FB55BD612C1B0CAD00F81FDB /* PlusJakartaSans-ExtraBoldItalic.ttf in Resources */,
				FBE048742C182C5D00C71D2D /* Assets.xcassets in Resources */,
			);
			runOnlyForDeploymentPostprocessing = 0;
		};
/* End PBXResourcesBuildPhase section */

/* Begin PBXSourcesBuildPhase section */
		FBE048682C182C5900C71D2D /* Sources */ = {
			isa = PBXSourcesBuildPhase;
			buildActionMask = 2147483647;
			files = (
				8C22A9602C1C5AD800B3879B /* LoginModel.swift in Sources */,
				6F75354B2C1998D5003D12AC /* CustomTitleView.swift in Sources */,
				FBE048702C182C5900C71D2D /* Issue_SolverApp.swift in Sources */,
				6F36E01F2C1C2EE200C41257 /* View + Ext.swift in Sources */,
				6F7535422C19954B003D12AC /* LoginView.swift in Sources */,
				FBA4BA252C185BDD00BEDA9E /* OTPView.swift in Sources */,
				FBA4BA272C185EC100BEDA9E /* OTPTextField.swift in Sources */,
				6F36E0222C1C3BBA00C41257 /* JakartaFonts.swift in Sources */,
				A82DADFE2C18DD7300E18665 /* CustomButton.swift in Sources */,
				8C22A95E2C1C5AB000B3879B /* RegisterModel.swift in Sources */,
				FB9753F12C19D49F006AF6A5 /* CountdownView.swift in Sources */,
				6F7535452C19956E003D12AC /* RegisterView.swift in Sources */,
				8C22A9712C1C5EE300B3879B /* EndPoint.swift in Sources */,
				6F75354D2C199C3B003D12AC /* CustomCheckBox.swift in Sources */,
				8C22A9692C1C5E5400B3879B /* JSONConverter.swift in Sources */,
				A82DAE002C18E11700E18665 /* CustomTextField.swift in Sources */,
				8C22A9622C1C5AE800B3879B /* ResetPasswordModel.swift in Sources */,
				A82DAE032C18E34B00E18665 /* Constants.swift in Sources */,
				FBEA6C9F2C1C16BB008953CB /* PasswordChangeView.swift in Sources */,
				FB55BD652C1B0D7100F81FDB /* Fonts + Ext.swift in Sources */,
				8C22A9662C1C5B1200B3879B /* EmailModel.swift in Sources */,
				8C22A96F2C1C5EA200B3879B /* EndPointProtocol.swift in Sources */,
				8C22A9642C1C5B0300B3879B /* OTPModel.swift in Sources */,
				FBEA6C9D2C1C08E0008953CB /* EmailVerificationView.swift in Sources */,
				6F7535492C199632003D12AC /* AuthViewModel.swift in Sources */,
				8C22A9742C1C5F1800B3879B /* HTTPAuthRepository.swift in Sources */,
			);
			runOnlyForDeploymentPostprocessing = 0;
		};
/* End PBXSourcesBuildPhase section */

/* Begin XCBuildConfiguration section */
		FBE048782C182C5D00C71D2D /* Debug */ = {
			isa = XCBuildConfiguration;
			buildSettings = {
				ALWAYS_SEARCH_USER_PATHS = NO;
				ASSETCATALOG_COMPILER_GENERATE_SWIFT_ASSET_SYMBOL_EXTENSIONS = YES;
				CLANG_ANALYZER_NONNULL = YES;
				CLANG_ANALYZER_NUMBER_OBJECT_CONVERSION = YES_AGGRESSIVE;
				CLANG_CXX_LANGUAGE_STANDARD = "gnu++20";
				CLANG_ENABLE_MODULES = YES;
				CLANG_ENABLE_OBJC_ARC = YES;
				CLANG_ENABLE_OBJC_WEAK = YES;
				CLANG_WARN_BLOCK_CAPTURE_AUTORELEASING = YES;
				CLANG_WARN_BOOL_CONVERSION = YES;
				CLANG_WARN_COMMA = YES;
				CLANG_WARN_CONSTANT_CONVERSION = YES;
				CLANG_WARN_DEPRECATED_OBJC_IMPLEMENTATIONS = YES;
				CLANG_WARN_DIRECT_OBJC_ISA_USAGE = YES_ERROR;
				CLANG_WARN_DOCUMENTATION_COMMENTS = YES;
				CLANG_WARN_EMPTY_BODY = YES;
				CLANG_WARN_ENUM_CONVERSION = YES;
				CLANG_WARN_INFINITE_RECURSION = YES;
				CLANG_WARN_INT_CONVERSION = YES;
				CLANG_WARN_NON_LITERAL_NULL_CONVERSION = YES;
				CLANG_WARN_OBJC_IMPLICIT_RETAIN_SELF = YES;
				CLANG_WARN_OBJC_LITERAL_CONVERSION = YES;
				CLANG_WARN_OBJC_ROOT_CLASS = YES_ERROR;
				CLANG_WARN_QUOTED_INCLUDE_IN_FRAMEWORK_HEADER = YES;
				CLANG_WARN_RANGE_LOOP_ANALYSIS = YES;
				CLANG_WARN_STRICT_PROTOTYPES = YES;
				CLANG_WARN_SUSPICIOUS_MOVE = YES;
				CLANG_WARN_UNGUARDED_AVAILABILITY = YES_AGGRESSIVE;
				CLANG_WARN_UNREACHABLE_CODE = YES;
				CLANG_WARN__DUPLICATE_METHOD_MATCH = YES;
				COPY_PHASE_STRIP = NO;
				DEBUG_INFORMATION_FORMAT = dwarf;
				ENABLE_STRICT_OBJC_MSGSEND = YES;
				ENABLE_TESTABILITY = YES;
				ENABLE_USER_SCRIPT_SANDBOXING = YES;
				GCC_C_LANGUAGE_STANDARD = gnu17;
				GCC_DYNAMIC_NO_PIC = NO;
				GCC_NO_COMMON_BLOCKS = YES;
				GCC_OPTIMIZATION_LEVEL = 0;
				GCC_PREPROCESSOR_DEFINITIONS = (
					"DEBUG=1",
					"$(inherited)",
				);
				GCC_WARN_64_TO_32_BIT_CONVERSION = YES;
				GCC_WARN_ABOUT_RETURN_TYPE = YES_ERROR;
				GCC_WARN_UNDECLARED_SELECTOR = YES;
				GCC_WARN_UNINITIALIZED_AUTOS = YES_AGGRESSIVE;
				GCC_WARN_UNUSED_FUNCTION = YES;
				GCC_WARN_UNUSED_VARIABLE = YES;
				IPHONEOS_DEPLOYMENT_TARGET = 17.5;
				LOCALIZATION_PREFERS_STRING_CATALOGS = YES;
				MTL_ENABLE_DEBUG_INFO = INCLUDE_SOURCE;
				MTL_FAST_MATH = YES;
				ONLY_ACTIVE_ARCH = YES;
				SDKROOT = iphoneos;
				SWIFT_ACTIVE_COMPILATION_CONDITIONS = "DEBUG $(inherited)";
				SWIFT_OPTIMIZATION_LEVEL = "-Onone";
			};
			name = Debug;
		};
		FBE048792C182C5D00C71D2D /* Release */ = {
			isa = XCBuildConfiguration;
			buildSettings = {
				ALWAYS_SEARCH_USER_PATHS = NO;
				ASSETCATALOG_COMPILER_GENERATE_SWIFT_ASSET_SYMBOL_EXTENSIONS = YES;
				CLANG_ANALYZER_NONNULL = YES;
				CLANG_ANALYZER_NUMBER_OBJECT_CONVERSION = YES_AGGRESSIVE;
				CLANG_CXX_LANGUAGE_STANDARD = "gnu++20";
				CLANG_ENABLE_MODULES = YES;
				CLANG_ENABLE_OBJC_ARC = YES;
				CLANG_ENABLE_OBJC_WEAK = YES;
				CLANG_WARN_BLOCK_CAPTURE_AUTORELEASING = YES;
				CLANG_WARN_BOOL_CONVERSION = YES;
				CLANG_WARN_COMMA = YES;
				CLANG_WARN_CONSTANT_CONVERSION = YES;
				CLANG_WARN_DEPRECATED_OBJC_IMPLEMENTATIONS = YES;
				CLANG_WARN_DIRECT_OBJC_ISA_USAGE = YES_ERROR;
				CLANG_WARN_DOCUMENTATION_COMMENTS = YES;
				CLANG_WARN_EMPTY_BODY = YES;
				CLANG_WARN_ENUM_CONVERSION = YES;
				CLANG_WARN_INFINITE_RECURSION = YES;
				CLANG_WARN_INT_CONVERSION = YES;
				CLANG_WARN_NON_LITERAL_NULL_CONVERSION = YES;
				CLANG_WARN_OBJC_IMPLICIT_RETAIN_SELF = YES;
				CLANG_WARN_OBJC_LITERAL_CONVERSION = YES;
				CLANG_WARN_OBJC_ROOT_CLASS = YES_ERROR;
				CLANG_WARN_QUOTED_INCLUDE_IN_FRAMEWORK_HEADER = YES;
				CLANG_WARN_RANGE_LOOP_ANALYSIS = YES;
				CLANG_WARN_STRICT_PROTOTYPES = YES;
				CLANG_WARN_SUSPICIOUS_MOVE = YES;
				CLANG_WARN_UNGUARDED_AVAILABILITY = YES_AGGRESSIVE;
				CLANG_WARN_UNREACHABLE_CODE = YES;
				CLANG_WARN__DUPLICATE_METHOD_MATCH = YES;
				COPY_PHASE_STRIP = NO;
				DEBUG_INFORMATION_FORMAT = "dwarf-with-dsym";
				ENABLE_NS_ASSERTIONS = NO;
				ENABLE_STRICT_OBJC_MSGSEND = YES;
				ENABLE_USER_SCRIPT_SANDBOXING = YES;
				GCC_C_LANGUAGE_STANDARD = gnu17;
				GCC_NO_COMMON_BLOCKS = YES;
				GCC_WARN_64_TO_32_BIT_CONVERSION = YES;
				GCC_WARN_ABOUT_RETURN_TYPE = YES_ERROR;
				GCC_WARN_UNDECLARED_SELECTOR = YES;
				GCC_WARN_UNINITIALIZED_AUTOS = YES_AGGRESSIVE;
				GCC_WARN_UNUSED_FUNCTION = YES;
				GCC_WARN_UNUSED_VARIABLE = YES;
				IPHONEOS_DEPLOYMENT_TARGET = 17.5;
				LOCALIZATION_PREFERS_STRING_CATALOGS = YES;
				MTL_ENABLE_DEBUG_INFO = NO;
				MTL_FAST_MATH = YES;
				SDKROOT = iphoneos;
				SWIFT_COMPILATION_MODE = wholemodule;
				VALIDATE_PRODUCT = YES;
			};
			name = Release;
		};
		FBE0487B2C182C5D00C71D2D /* Debug */ = {
			isa = XCBuildConfiguration;
			buildSettings = {
				ASSETCATALOG_COMPILER_APPICON_NAME = AppIcon;
				ASSETCATALOG_COMPILER_GLOBAL_ACCENT_COLOR_NAME = AccentColor;
				CODE_SIGN_STYLE = Automatic;
				CURRENT_PROJECT_VERSION = 1;
				DEVELOPMENT_ASSET_PATHS = "\"Issue Solver/Preview Content\"";
				DEVELOPMENT_TEAM = 546KM6S3B9;
				ENABLE_PREVIEWS = YES;
				GENERATE_INFOPLIST_FILE = YES;
				INFOPLIST_FILE = "Issue-Solver-Info.plist";
				INFOPLIST_KEY_UIApplicationSceneManifest_Generation = YES;
				INFOPLIST_KEY_UIApplicationSupportsIndirectInputEvents = YES;
				INFOPLIST_KEY_UILaunchScreen_Generation = YES;
				INFOPLIST_KEY_UISupportedInterfaceOrientations_iPad = "UIInterfaceOrientationPortrait UIInterfaceOrientationPortraitUpsideDown UIInterfaceOrientationLandscapeLeft UIInterfaceOrientationLandscapeRight";
				INFOPLIST_KEY_UISupportedInterfaceOrientations_iPhone = "UIInterfaceOrientationPortrait UIInterfaceOrientationLandscapeLeft UIInterfaceOrientationLandscapeRight";
				IPHONEOS_DEPLOYMENT_TARGET = 15.0;
				LD_RUNPATH_SEARCH_PATHS = (
					"$(inherited)",
					"@executable_path/Frameworks",
				);
				MARKETING_VERSION = 1.0;
				PRODUCT_BUNDLE_IDENTIFIER = "com.idda.Issue-Solver";
				PRODUCT_NAME = "$(TARGET_NAME)";
				SUPPORTED_PLATFORMS = "iphoneos iphonesimulator";
				SUPPORTS_MACCATALYST = NO;
				SUPPORTS_MAC_DESIGNED_FOR_IPHONE_IPAD = NO;
				SUPPORTS_XR_DESIGNED_FOR_IPHONE_IPAD = NO;
				SWIFT_EMIT_LOC_STRINGS = YES;
				SWIFT_VERSION = 5.0;
				TARGETED_DEVICE_FAMILY = 1;
			};
			name = Debug;
		};
		FBE0487C2C182C5D00C71D2D /* Release */ = {
			isa = XCBuildConfiguration;
			buildSettings = {
				ASSETCATALOG_COMPILER_APPICON_NAME = AppIcon;
				ASSETCATALOG_COMPILER_GLOBAL_ACCENT_COLOR_NAME = AccentColor;
				CODE_SIGN_STYLE = Automatic;
				CURRENT_PROJECT_VERSION = 1;
				DEVELOPMENT_ASSET_PATHS = "\"Issue Solver/Preview Content\"";
				DEVELOPMENT_TEAM = 546KM6S3B9;
				ENABLE_PREVIEWS = YES;
				GENERATE_INFOPLIST_FILE = YES;
				INFOPLIST_FILE = "Issue-Solver-Info.plist";
				INFOPLIST_KEY_UIApplicationSceneManifest_Generation = YES;
				INFOPLIST_KEY_UIApplicationSupportsIndirectInputEvents = YES;
				INFOPLIST_KEY_UILaunchScreen_Generation = YES;
				INFOPLIST_KEY_UISupportedInterfaceOrientations_iPad = "UIInterfaceOrientationPortrait UIInterfaceOrientationPortraitUpsideDown UIInterfaceOrientationLandscapeLeft UIInterfaceOrientationLandscapeRight";
				INFOPLIST_KEY_UISupportedInterfaceOrientations_iPhone = "UIInterfaceOrientationPortrait UIInterfaceOrientationLandscapeLeft UIInterfaceOrientationLandscapeRight";
				IPHONEOS_DEPLOYMENT_TARGET = 15.0;
				LD_RUNPATH_SEARCH_PATHS = (
					"$(inherited)",
					"@executable_path/Frameworks",
				);
				MARKETING_VERSION = 1.0;
				PRODUCT_BUNDLE_IDENTIFIER = "com.idda.Issue-Solver";
				PRODUCT_NAME = "$(TARGET_NAME)";
				SUPPORTED_PLATFORMS = "iphoneos iphonesimulator";
				SUPPORTS_MACCATALYST = NO;
				SUPPORTS_MAC_DESIGNED_FOR_IPHONE_IPAD = NO;
				SUPPORTS_XR_DESIGNED_FOR_IPHONE_IPAD = NO;
				SWIFT_EMIT_LOC_STRINGS = YES;
				SWIFT_VERSION = 5.0;
				TARGETED_DEVICE_FAMILY = 1;
			};
			name = Release;
		};
/* End XCBuildConfiguration section */

/* Begin XCConfigurationList section */
		FBE048672C182C5900C71D2D /* Build configuration list for PBXProject "Issue Solver" */ = {
			isa = XCConfigurationList;
			buildConfigurations = (
				FBE048782C182C5D00C71D2D /* Debug */,
				FBE048792C182C5D00C71D2D /* Release */,
			);
			defaultConfigurationIsVisible = 0;
			defaultConfigurationName = Release;
		};
		FBE0487A2C182C5D00C71D2D /* Build configuration list for PBXNativeTarget "Issue Solver" */ = {
			isa = XCConfigurationList;
			buildConfigurations = (
				FBE0487B2C182C5D00C71D2D /* Debug */,
				FBE0487C2C182C5D00C71D2D /* Release */,
			);
			defaultConfigurationIsVisible = 0;
			defaultConfigurationName = Release;
		};
/* End XCConfigurationList section */

/* Begin XCSwiftPackageProductDependency section */
		8C22A9762C1C5F7100B3879B /* NetworkingPack */ = {
			isa = XCSwiftPackageProductDependency;
			productName = NetworkingPack;
		};
/* End XCSwiftPackageProductDependency section */
	};
	rootObject = FBE048642C182C5900C71D2D /* Project object */;
}
