// !$*UTF8*$!
{
	archiveVersion = 1;
	classes = {
	};
	objectVersion = 56;
	objects = {

/* Begin PBXBuildFile section */
		6F7535422C19954B003D12AC /* LoginView.swift in Sources */ = {isa = PBXBuildFile; fileRef = 6F7535412C19954B003D12AC /* LoginView.swift */; };
		6F7535452C19956E003D12AC /* RegisterView.swift in Sources */ = {isa = PBXBuildFile; fileRef = 6F7535442C19956E003D12AC /* RegisterView.swift */; };
		6F7535492C199632003D12AC /* AuthViewModel.swift in Sources */ = {isa = PBXBuildFile; fileRef = 6F7535482C199632003D12AC /* AuthViewModel.swift */; };
		6F75354B2C1998D5003D12AC /* CustomTitleView.swift in Sources */ = {isa = PBXBuildFile; fileRef = 6F75354A2C1998D5003D12AC /* CustomTitleView.swift */; };
		6F75354D2C199C3B003D12AC /* CustomCheckBox.swift in Sources */ = {isa = PBXBuildFile; fileRef = 6F75354C2C199C3B003D12AC /* CustomCheckBox.swift */; };
		8CEB395D2C1AC9BC00D21B32 /* NetworkingPack in Frameworks */ = {isa = PBXBuildFile; productRef = 8CEB395C2C1AC9BC00D21B32 /* NetworkingPack */; };
		A82DADFE2C18DD7300E18665 /* CustomButton.swift in Sources */ = {isa = PBXBuildFile; fileRef = A82DADFD2C18DD7300E18665 /* CustomButton.swift */; };
		A82DAE002C18E11700E18665 /* CustomTextField.swift in Sources */ = {isa = PBXBuildFile; fileRef = A82DADFF2C18E11700E18665 /* CustomTextField.swift */; };
		A82DAE032C18E34B00E18665 /* Constants.swift in Sources */ = {isa = PBXBuildFile; fileRef = A82DAE022C18E34B00E18665 /* Constants.swift */; };
		FB9753F12C19D49F006AF6A5 /* CountdownView.swift in Sources */ = {isa = PBXBuildFile; fileRef = FB9753F02C19D49F006AF6A5 /* CountdownView.swift */; };
		FBA4BA252C185BDD00BEDA9E /* OTPView.swift in Sources */ = {isa = PBXBuildFile; fileRef = FBA4BA242C185BDD00BEDA9E /* OTPView.swift */; };
		FBA4BA272C185EC100BEDA9E /* OTPTextField.swift in Sources */ = {isa = PBXBuildFile; fileRef = FBA4BA262C185EC100BEDA9E /* OTPTextField.swift */; };
		FBE048702C182C5900C71D2D /* Issue_SolverApp.swift in Sources */ = {isa = PBXBuildFile; fileRef = FBE0486F2C182C5900C71D2D /* Issue_SolverApp.swift */; };
		FBE048742C182C5D00C71D2D /* Assets.xcassets in Resources */ = {isa = PBXBuildFile; fileRef = FBE048732C182C5D00C71D2D /* Assets.xcassets */; };
		FBE048772C182C5D00C71D2D /* Preview Assets.xcassets in Resources */ = {isa = PBXBuildFile; fileRef = FBE048762C182C5D00C71D2D /* Preview Assets.xcassets */; };
/* End PBXBuildFile section */

/* Begin PBXFileReference section */
		6F7535412C19954B003D12AC /* LoginView.swift */ = {isa = PBXFileReference; lastKnownFileType = sourcecode.swift; path = LoginView.swift; sourceTree = "<group>"; };
		6F7535442C19956E003D12AC /* RegisterView.swift */ = {isa = PBXFileReference; lastKnownFileType = sourcecode.swift; path = RegisterView.swift; sourceTree = "<group>"; };
		6F7535482C199632003D12AC /* AuthViewModel.swift */ = {isa = PBXFileReference; lastKnownFileType = sourcecode.swift; path = AuthViewModel.swift; sourceTree = "<group>"; };
		6F75354A2C1998D5003D12AC /* CustomTitleView.swift */ = {isa = PBXFileReference; lastKnownFileType = sourcecode.swift; path = CustomTitleView.swift; sourceTree = "<group>"; };
		6F75354C2C199C3B003D12AC /* CustomCheckBox.swift */ = {isa = PBXFileReference; lastKnownFileType = sourcecode.swift; path = CustomCheckBox.swift; sourceTree = "<group>"; };
		8CA8B0182C1AC3450060F512 /* NetworkingPack */ = {isa = PBXFileReference; lastKnownFileType = wrapper; path = NetworkingPack; sourceTree = "<group>"; };
		A82DADFD2C18DD7300E18665 /* CustomButton.swift */ = {isa = PBXFileReference; lastKnownFileType = sourcecode.swift; path = CustomButton.swift; sourceTree = "<group>"; };
		A82DADFF2C18E11700E18665 /* CustomTextField.swift */ = {isa = PBXFileReference; lastKnownFileType = sourcecode.swift; path = CustomTextField.swift; sourceTree = "<group>"; };
		A82DAE022C18E34B00E18665 /* Constants.swift */ = {isa = PBXFileReference; lastKnownFileType = sourcecode.swift; path = Constants.swift; sourceTree = "<group>"; };
		FB9753F02C19D49F006AF6A5 /* CountdownView.swift */ = {isa = PBXFileReference; lastKnownFileType = sourcecode.swift; path = CountdownView.swift; sourceTree = "<group>"; };
		FBA4BA242C185BDD00BEDA9E /* OTPView.swift */ = {isa = PBXFileReference; lastKnownFileType = sourcecode.swift; path = OTPView.swift; sourceTree = "<group>"; };
		FBA4BA262C185EC100BEDA9E /* OTPTextField.swift */ = {isa = PBXFileReference; lastKnownFileType = sourcecode.swift; path = OTPTextField.swift; sourceTree = "<group>"; };
		FBE0486C2C182C5900C71D2D /* Issue Solver.app */ = {isa = PBXFileReference; explicitFileType = wrapper.application; includeInIndex = 0; path = "Issue Solver.app"; sourceTree = BUILT_PRODUCTS_DIR; };
		FBE0486F2C182C5900C71D2D /* Issue_SolverApp.swift */ = {isa = PBXFileReference; lastKnownFileType = sourcecode.swift; path = Issue_SolverApp.swift; sourceTree = "<group>"; };
		FBE048732C182C5D00C71D2D /* Assets.xcassets */ = {isa = PBXFileReference; lastKnownFileType = folder.assetcatalog; path = Assets.xcassets; sourceTree = "<group>"; };
		FBE048762C182C5D00C71D2D /* Preview Assets.xcassets */ = {isa = PBXFileReference; lastKnownFileType = folder.assetcatalog; path = "Preview Assets.xcassets"; sourceTree = "<group>"; };
/* End PBXFileReference section */

/* Begin PBXFrameworksBuildPhase section */
		FBE048692C182C5900C71D2D /* Frameworks */ = {
			isa = PBXFrameworksBuildPhase;
			buildActionMask = 2147483647;
			files = (
				8CEB395D2C1AC9BC00D21B32 /* NetworkingPack in Frameworks */,
			);
			runOnlyForDeploymentPostprocessing = 0;
		};
/* End PBXFrameworksBuildPhase section */

/* Begin PBXGroup section */
		6F7535432C19955C003D12AC /* Views */ = {
			isa = PBXGroup;
			children = (
				6F7535412C19954B003D12AC /* LoginView.swift */,
				6F7535442C19956E003D12AC /* RegisterView.swift */,
			);
			path = Views;
			sourceTree = "<group>";
		};
		6F7535462C199577003D12AC /* ViewModels */ = {
			isa = PBXGroup;
			children = (
				6F7535482C199632003D12AC /* AuthViewModel.swift */,
			);
			path = ViewModels;
			sourceTree = "<group>";
		};
		6F7535472C19957D003D12AC /* Models */ = {
			isa = PBXGroup;
			children = (
			);
			path = Models;
			sourceTree = "<group>";
		};
		6F75354E2C19A278003D12AC /* Custom */ = {
			isa = PBXGroup;
			children = (
				FB9753F02C19D49F006AF6A5 /* CountdownView.swift */,
				A82DADFD2C18DD7300E18665 /* CustomButton.swift */,
				A82DADFF2C18E11700E18665 /* CustomTextField.swift */,
				6F75354A2C1998D5003D12AC /* CustomTitleView.swift */,
				6F75354C2C199C3B003D12AC /* CustomCheckBox.swift */,
			);
			path = Custom;
			sourceTree = "<group>";
		};
		8CEB395B2C1AC9BC00D21B32 /* Frameworks */ = {
			isa = PBXGroup;
			children = (
			);
			name = Frameworks;
			sourceTree = "<group>";
		};
		A82DADFC2C18DCC400E18665 /* General Components */ = {
			isa = PBXGroup;
			children = (
				6F75354E2C19A278003D12AC /* Custom */,
			);
			path = "General Components";
			sourceTree = "<group>";
		};
		A82DAE012C18E34000E18665 /* Helpers */ = {
			isa = PBXGroup;
			children = (
				A82DAE022C18E34B00E18665 /* Constants.swift */,
			);
			path = Helpers;
			sourceTree = "<group>";
		};
		FBA4BA1C2C183D0000BEDA9E /* Core */ = {
			isa = PBXGroup;
			children = (
				FBE0486F2C182C5900C71D2D /* Issue_SolverApp.swift */,
				FBE048732C182C5D00C71D2D /* Assets.xcassets */,
			);
			path = Core;
			sourceTree = "<group>";
		};
		FBA4BA1D2C183D1A00BEDA9E /* UI */ = {
			isa = PBXGroup;
			children = (
				A82DADFC2C18DCC400E18665 /* General Components */,
				FBA4BA1E2C183D2800BEDA9E /* Screens */,
				FBA4BA1F2C183D3B00BEDA9E /* UI Helpers */,
			);
			path = UI;
			sourceTree = "<group>";
		};
		FBA4BA1E2C183D2800BEDA9E /* Screens */ = {
			isa = PBXGroup;
			children = (
				FBA4BA222C18467200BEDA9E /* Authentication */,
			);
			path = Screens;
			sourceTree = "<group>";
		};
		FBA4BA1F2C183D3B00BEDA9E /* UI Helpers */ = {
			isa = PBXGroup;
			children = (
			);
			path = "UI Helpers";
			sourceTree = "<group>";
		};
		FBA4BA222C18467200BEDA9E /* Authentication */ = {
			isa = PBXGroup;
			children = (
				6F7535472C19957D003D12AC /* Models */,
				6F7535462C199577003D12AC /* ViewModels */,
				6F7535432C19955C003D12AC /* Views */,
				FBA4BA232C185BB000BEDA9E /* OTP Screen */,
			);
			path = Authentication;
			sourceTree = "<group>";
		};
		FBA4BA232C185BB000BEDA9E /* OTP Screen */ = {
			isa = PBXGroup;
			children = (
				FBA4BA242C185BDD00BEDA9E /* OTPView.swift */,
				FBA4BA262C185EC100BEDA9E /* OTPTextField.swift */,
			);
			path = "OTP Screen";
			sourceTree = "<group>";
		};
		FBE048632C182C5900C71D2D = {
			isa = PBXGroup;
			children = (
				8CA8B0182C1AC3450060F512 /* NetworkingPack */,
				FBE0486E2C182C5900C71D2D /* Issue Solver */,
				FBE0486D2C182C5900C71D2D /* Products */,
				8CEB395B2C1AC9BC00D21B32 /* Frameworks */,
			);
			sourceTree = "<group>";
		};
		FBE0486D2C182C5900C71D2D /* Products */ = {
			isa = PBXGroup;
			children = (
				FBE0486C2C182C5900C71D2D /* Issue Solver.app */,
			);
			name = Products;
			sourceTree = "<group>";
		};
		FBE0486E2C182C5900C71D2D /* Issue Solver */ = {
			isa = PBXGroup;
			children = (
				FBA4BA1D2C183D1A00BEDA9E /* UI */,
				FBA4BA1C2C183D0000BEDA9E /* Core */,
				A82DAE012C18E34000E18665 /* Helpers */,
				FBE048752C182C5D00C71D2D /* Preview Content */,
			);
			path = "Issue Solver";
			sourceTree = "<group>";
		};
		FBE048752C182C5D00C71D2D /* Preview Content */ = {
			isa = PBXGroup;
			children = (
				FBE048762C182C5D00C71D2D /* Preview Assets.xcassets */,
			);
			path = "Preview Content";
			sourceTree = "<group>";
		};
/* End PBXGroup section */

/* Begin PBXNativeTarget section */
		FBE0486B2C182C5900C71D2D /* Issue Solver */ = {
			isa = PBXNativeTarget;
			buildConfigurationList = FBE0487A2C182C5D00C71D2D /* Build configuration list for PBXNativeTarget "Issue Solver" */;
			buildPhases = (
				FBE048682C182C5900C71D2D /* Sources */,
				FBE048692C182C5900C71D2D /* Frameworks */,
				FBE0486A2C182C5900C71D2D /* Resources */,
			);
			buildRules = (
			);
			dependencies = (
			);
			name = "Issue Solver";
			packageProductDependencies = (
				8CEB395C2C1AC9BC00D21B32 /* NetworkingPack */,
			);
			productName = "Issue Solver";
			productReference = FBE0486C2C182C5900C71D2D /* Issue Solver.app */;
			productType = "com.apple.product-type.application";
		};
/* End PBXNativeTarget section */

/* Begin PBXProject section */
		FBE048642C182C5900C71D2D /* Project object */ = {
			isa = PBXProject;
			attributes = {
				BuildIndependentTargetsInParallel = 1;
				LastSwiftUpdateCheck = 1540;
				LastUpgradeCheck = 1540;
				TargetAttributes = {
					FBE0486B2C182C5900C71D2D = {
						CreatedOnToolsVersion = 15.4;
					};
				};
			};
			buildConfigurationList = FBE048672C182C5900C71D2D /* Build configuration list for PBXProject "Issue Solver" */;
			compatibilityVersion = "Xcode 14.0";
			developmentRegion = en;
			hasScannedForEncodings = 0;
			knownRegions = (
				en,
				Base,
			);
			mainGroup = FBE048632C182C5900C71D2D;
			productRefGroup = FBE0486D2C182C5900C71D2D /* Products */;
			projectDirPath = "";
			projectRoot = "";
			targets = (
				FBE0486B2C182C5900C71D2D /* Issue Solver */,
			);
		};
/* End PBXProject section */

/* Begin PBXResourcesBuildPhase section */
		FBE0486A2C182C5900C71D2D /* Resources */ = {
			isa = PBXResourcesBuildPhase;
			buildActionMask = 2147483647;
			files = (
				FBE048772C182C5D00C71D2D /* Preview Assets.xcassets in Resources */,
				FBE048742C182C5D00C71D2D /* Assets.xcassets in Resources */,
			);
			runOnlyForDeploymentPostprocessing = 0;
		};
/* End PBXResourcesBuildPhase section */

/* Begin PBXSourcesBuildPhase section */
		FBE048682C182C5900C71D2D /* Sources */ = {
			isa = PBXSourcesBuildPhase;
			buildActionMask = 2147483647;
			files = (
				6F75354B2C1998D5003D12AC /* CustomTitleView.swift in Sources */,
				FBE048702C182C5900C71D2D /* Issue_SolverApp.swift in Sources */,
				6F7535422C19954B003D12AC /* LoginView.swift in Sources */,
				FBA4BA252C185BDD00BEDA9E /* OTPView.swift in Sources */,
				FBA4BA272C185EC100BEDA9E /* OTPTextField.swift in Sources */,
				A82DADFE2C18DD7300E18665 /* CustomButton.swift in Sources */,
				FB9753F12C19D49F006AF6A5 /* CountdownView.swift in Sources */,
				6F7535452C19956E003D12AC /* RegisterView.swift in Sources */,
				6F75354D2C199C3B003D12AC /* CustomCheckBox.swift in Sources */,
				A82DAE002C18E11700E18665 /* CustomTextField.swift in Sources */,
				A82DAE032C18E34B00E18665 /* Constants.swift in Sources */,
				6F7535492C199632003D12AC /* AuthViewModel.swift in Sources */,
			);
			runOnlyForDeploymentPostprocessing = 0;
		};
/* End PBXSourcesBuildPhase section */

/* Begin XCBuildConfiguration section */
		FBE048782C182C5D00C71D2D /* Debug */ = {
			isa = XCBuildConfiguration;
			buildSettings = {
				ALWAYS_SEARCH_USER_PATHS = NO;
				ASSETCATALOG_COMPILER_GENERATE_SWIFT_ASSET_SYMBOL_EXTENSIONS = YES;
				CLANG_ANALYZER_NONNULL = YES;
				CLANG_ANALYZER_NUMBER_OBJECT_CONVERSION = YES_AGGRESSIVE;
				CLANG_CXX_LANGUAGE_STANDARD = "gnu++20";
				CLANG_ENABLE_MODULES = YES;
				CLANG_ENABLE_OBJC_ARC = YES;
				CLANG_ENABLE_OBJC_WEAK = YES;
				CLANG_WARN_BLOCK_CAPTURE_AUTORELEASING = YES;
				CLANG_WARN_BOOL_CONVERSION = YES;
				CLANG_WARN_COMMA = YES;
				CLANG_WARN_CONSTANT_CONVERSION = YES;
				CLANG_WARN_DEPRECATED_OBJC_IMPLEMENTATIONS = YES;
				CLANG_WARN_DIRECT_OBJC_ISA_USAGE = YES_ERROR;
				CLANG_WARN_DOCUMENTATION_COMMENTS = YES;
				CLANG_WARN_EMPTY_BODY = YES;
				CLANG_WARN_ENUM_CONVERSION = YES;
				CLANG_WARN_INFINITE_RECURSION = YES;
				CLANG_WARN_INT_CONVERSION = YES;
				CLANG_WARN_NON_LITERAL_NULL_CONVERSION = YES;
				CLANG_WARN_OBJC_IMPLICIT_RETAIN_SELF = YES;
				CLANG_WARN_OBJC_LITERAL_CONVERSION = YES;
				CLANG_WARN_OBJC_ROOT_CLASS = YES_ERROR;
				CLANG_WARN_QUOTED_INCLUDE_IN_FRAMEWORK_HEADER = YES;
				CLANG_WARN_RANGE_LOOP_ANALYSIS = YES;
				CLANG_WARN_STRICT_PROTOTYPES = YES;
				CLANG_WARN_SUSPICIOUS_MOVE = YES;
				CLANG_WARN_UNGUARDED_AVAILABILITY = YES_AGGRESSIVE;
				CLANG_WARN_UNREACHABLE_CODE = YES;
				CLANG_WARN__DUPLICATE_METHOD_MATCH = YES;
				COPY_PHASE_STRIP = NO;
				DEBUG_INFORMATION_FORMAT = dwarf;
				ENABLE_STRICT_OBJC_MSGSEND = YES;
				ENABLE_TESTABILITY = YES;
				ENABLE_USER_SCRIPT_SANDBOXING = YES;
				GCC_C_LANGUAGE_STANDARD = gnu17;
				GCC_DYNAMIC_NO_PIC = NO;
				GCC_NO_COMMON_BLOCKS = YES;
				GCC_OPTIMIZATION_LEVEL = 0;
				GCC_PREPROCESSOR_DEFINITIONS = (
					"DEBUG=1",
					"$(inherited)",
				);
				GCC_WARN_64_TO_32_BIT_CONVERSION = YES;
				GCC_WARN_ABOUT_RETURN_TYPE = YES_ERROR;
				GCC_WARN_UNDECLARED_SELECTOR = YES;
				GCC_WARN_UNINITIALIZED_AUTOS = YES_AGGRESSIVE;
				GCC_WARN_UNUSED_FUNCTION = YES;
				GCC_WARN_UNUSED_VARIABLE = YES;
				IPHONEOS_DEPLOYMENT_TARGET = 17.5;
				LOCALIZATION_PREFERS_STRING_CATALOGS = YES;
				MTL_ENABLE_DEBUG_INFO = INCLUDE_SOURCE;
				MTL_FAST_MATH = YES;
				ONLY_ACTIVE_ARCH = YES;
				SDKROOT = iphoneos;
				SWIFT_ACTIVE_COMPILATION_CONDITIONS = "DEBUG $(inherited)";
				SWIFT_OPTIMIZATION_LEVEL = "-Onone";
			};
			name = Debug;
		};
		FBE048792C182C5D00C71D2D /* Release */ = {
			isa = XCBuildConfiguration;
			buildSettings = {
				ALWAYS_SEARCH_USER_PATHS = NO;
				ASSETCATALOG_COMPILER_GENERATE_SWIFT_ASSET_SYMBOL_EXTENSIONS = YES;
				CLANG_ANALYZER_NONNULL = YES;
				CLANG_ANALYZER_NUMBER_OBJECT_CONVERSION = YES_AGGRESSIVE;
				CLANG_CXX_LANGUAGE_STANDARD = "gnu++20";
				CLANG_ENABLE_MODULES = YES;
				CLANG_ENABLE_OBJC_ARC = YES;
				CLANG_ENABLE_OBJC_WEAK = YES;
				CLANG_WARN_BLOCK_CAPTURE_AUTORELEASING = YES;
				CLANG_WARN_BOOL_CONVERSION = YES;
				CLANG_WARN_COMMA = YES;
				CLANG_WARN_CONSTANT_CONVERSION = YES;
				CLANG_WARN_DEPRECATED_OBJC_IMPLEMENTATIONS = YES;
				CLANG_WARN_DIRECT_OBJC_ISA_USAGE = YES_ERROR;
				CLANG_WARN_DOCUMENTATION_COMMENTS = YES;
				CLANG_WARN_EMPTY_BODY = YES;
				CLANG_WARN_ENUM_CONVERSION = YES;
				CLANG_WARN_INFINITE_RECURSION = YES;
				CLANG_WARN_INT_CONVERSION = YES;
				CLANG_WARN_NON_LITERAL_NULL_CONVERSION = YES;
				CLANG_WARN_OBJC_IMPLICIT_RETAIN_SELF = YES;
				CLANG_WARN_OBJC_LITERAL_CONVERSION = YES;
				CLANG_WARN_OBJC_ROOT_CLASS = YES_ERROR;
				CLANG_WARN_QUOTED_INCLUDE_IN_FRAMEWORK_HEADER = YES;
				CLANG_WARN_RANGE_LOOP_ANALYSIS = YES;
				CLANG_WARN_STRICT_PROTOTYPES = YES;
				CLANG_WARN_SUSPICIOUS_MOVE = YES;
				CLANG_WARN_UNGUARDED_AVAILABILITY = YES_AGGRESSIVE;
				CLANG_WARN_UNREACHABLE_CODE = YES;
				CLANG_WARN__DUPLICATE_METHOD_MATCH = YES;
				COPY_PHASE_STRIP = NO;
				DEBUG_INFORMATION_FORMAT = "dwarf-with-dsym";
				ENABLE_NS_ASSERTIONS = NO;
				ENABLE_STRICT_OBJC_MSGSEND = YES;
				ENABLE_USER_SCRIPT_SANDBOXING = YES;
				GCC_C_LANGUAGE_STANDARD = gnu17;
				GCC_NO_COMMON_BLOCKS = YES;
				GCC_WARN_64_TO_32_BIT_CONVERSION = YES;
				GCC_WARN_ABOUT_RETURN_TYPE = YES_ERROR;
				GCC_WARN_UNDECLARED_SELECTOR = YES;
				GCC_WARN_UNINITIALIZED_AUTOS = YES_AGGRESSIVE;
				GCC_WARN_UNUSED_FUNCTION = YES;
				GCC_WARN_UNUSED_VARIABLE = YES;
				IPHONEOS_DEPLOYMENT_TARGET = 17.5;
				LOCALIZATION_PREFERS_STRING_CATALOGS = YES;
				MTL_ENABLE_DEBUG_INFO = NO;
				MTL_FAST_MATH = YES;
				SDKROOT = iphoneos;
				SWIFT_COMPILATION_MODE = wholemodule;
				VALIDATE_PRODUCT = YES;
			};
			name = Release;
		};
		FBE0487B2C182C5D00C71D2D /* Debug */ = {
			isa = XCBuildConfiguration;
			buildSettings = {
				ASSETCATALOG_COMPILER_APPICON_NAME = AppIcon;
				ASSETCATALOG_COMPILER_GLOBAL_ACCENT_COLOR_NAME = AccentColor;
				CODE_SIGN_STYLE = Automatic;
				CURRENT_PROJECT_VERSION = 1;
				DEVELOPMENT_ASSET_PATHS = "\"Issue Solver/Preview Content\"";
				DEVELOPMENT_TEAM = 546KM6S3B9;
				ENABLE_PREVIEWS = YES;
				GENERATE_INFOPLIST_FILE = YES;
				INFOPLIST_KEY_UIApplicationSceneManifest_Generation = YES;
				INFOPLIST_KEY_UIApplicationSupportsIndirectInputEvents = YES;
				INFOPLIST_KEY_UILaunchScreen_Generation = YES;
				INFOPLIST_KEY_UISupportedInterfaceOrientations_iPad = "UIInterfaceOrientationPortrait UIInterfaceOrientationPortraitUpsideDown UIInterfaceOrientationLandscapeLeft UIInterfaceOrientationLandscapeRight";
				INFOPLIST_KEY_UISupportedInterfaceOrientations_iPhone = "UIInterfaceOrientationPortrait UIInterfaceOrientationLandscapeLeft UIInterfaceOrientationLandscapeRight";
				IPHONEOS_DEPLOYMENT_TARGET = 15.0;
				LD_RUNPATH_SEARCH_PATHS = (
					"$(inherited)",
					"@executable_path/Frameworks",
				);
				MARKETING_VERSION = 1.0;
				PRODUCT_BUNDLE_IDENTIFIER = "com.idda.Issue-Solver";
				PRODUCT_NAME = "$(TARGET_NAME)";
				SUPPORTED_PLATFORMS = "iphoneos iphonesimulator";
				SUPPORTS_MACCATALYST = NO;
				SUPPORTS_MAC_DESIGNED_FOR_IPHONE_IPAD = NO;
				SUPPORTS_XR_DESIGNED_FOR_IPHONE_IPAD = NO;
				SWIFT_EMIT_LOC_STRINGS = YES;
				SWIFT_VERSION = 5.0;
				TARGETED_DEVICE_FAMILY = 1;
			};
			name = Debug;
		};
		FBE0487C2C182C5D00C71D2D /* Release */ = {
			isa = XCBuildConfiguration;
			buildSettings = {
				ASSETCATALOG_COMPILER_APPICON_NAME = AppIcon;
				ASSETCATALOG_COMPILER_GLOBAL_ACCENT_COLOR_NAME = AccentColor;
				CODE_SIGN_STYLE = Automatic;
				CURRENT_PROJECT_VERSION = 1;
				DEVELOPMENT_ASSET_PATHS = "\"Issue Solver/Preview Content\"";
				DEVELOPMENT_TEAM = 546KM6S3B9;
				ENABLE_PREVIEWS = YES;
				GENERATE_INFOPLIST_FILE = YES;
				INFOPLIST_KEY_UIApplicationSceneManifest_Generation = YES;
				INFOPLIST_KEY_UIApplicationSupportsIndirectInputEvents = YES;
				INFOPLIST_KEY_UILaunchScreen_Generation = YES;
				INFOPLIST_KEY_UISupportedInterfaceOrientations_iPad = "UIInterfaceOrientationPortrait UIInterfaceOrientationPortraitUpsideDown UIInterfaceOrientationLandscapeLeft UIInterfaceOrientationLandscapeRight";
				INFOPLIST_KEY_UISupportedInterfaceOrientations_iPhone = "UIInterfaceOrientationPortrait UIInterfaceOrientationLandscapeLeft UIInterfaceOrientationLandscapeRight";
				IPHONEOS_DEPLOYMENT_TARGET = 15.0;
				LD_RUNPATH_SEARCH_PATHS = (
					"$(inherited)",
					"@executable_path/Frameworks",
				);
				MARKETING_VERSION = 1.0;
				PRODUCT_BUNDLE_IDENTIFIER = "com.idda.Issue-Solver";
				PRODUCT_NAME = "$(TARGET_NAME)";
				SUPPORTED_PLATFORMS = "iphoneos iphonesimulator";
				SUPPORTS_MACCATALYST = NO;
				SUPPORTS_MAC_DESIGNED_FOR_IPHONE_IPAD = NO;
				SUPPORTS_XR_DESIGNED_FOR_IPHONE_IPAD = NO;
				SWIFT_EMIT_LOC_STRINGS = YES;
				SWIFT_VERSION = 5.0;
				TARGETED_DEVICE_FAMILY = 1;
			};
			name = Release;
		};
/* End XCBuildConfiguration section */

/* Begin XCConfigurationList section */
		FBE048672C182C5900C71D2D /* Build configuration list for PBXProject "Issue Solver" */ = {
			isa = XCConfigurationList;
			buildConfigurations = (
				FBE048782C182C5D00C71D2D /* Debug */,
				FBE048792C182C5D00C71D2D /* Release */,
			);
			defaultConfigurationIsVisible = 0;
			defaultConfigurationName = Release;
		};
		FBE0487A2C182C5D00C71D2D /* Build configuration list for PBXNativeTarget "Issue Solver" */ = {
			isa = XCConfigurationList;
			buildConfigurations = (
				FBE0487B2C182C5D00C71D2D /* Debug */,
				FBE0487C2C182C5D00C71D2D /* Release */,
			);
			defaultConfigurationIsVisible = 0;
			defaultConfigurationName = Release;
		};
/* End XCConfigurationList section */

/* Begin XCSwiftPackageProductDependency section */
		8CEB395C2C1AC9BC00D21B32 /* NetworkingPack */ = {
			isa = XCSwiftPackageProductDependency;
			productName = NetworkingPack;
		};
/* End XCSwiftPackageProductDependency section */
	};
	rootObject = FBE048642C182C5900C71D2D /* Project object */;
}
