// !$*UTF8*$!
{
	archiveVersion = 1;
	classes = {
	};
	objectVersion = 56;
	objects = {

/* Begin PBXBuildFile section */
		5F1A84262C33D3F200DF17E5 /* NewQueryViewModel.swift in Sources */ = {isa = PBXBuildFile; fileRef = 5F1A84252C33D3F200DF17E5 /* NewQueryViewModel.swift */; };
		5F34E5572C399506009A4A77 /* NewQueryInfoViewModel.swift in Sources */ = {isa = PBXBuildFile; fileRef = 8C3D9DC52C3672720050342A /* NewQueryInfoViewModel.swift */; };
		5F474AE42C3E6E7C004E32DA /* AuthManager.swift in Sources */ = {isa = PBXBuildFile; fileRef = 5F474AE32C3E6E7C004E32DA /* AuthManager.swift */; };
		5F4A053D2C39EEEE00574153 /* CustomPostRowView.swift in Sources */ = {isa = PBXBuildFile; fileRef = 5F4A053C2C39EEEE00574153 /* CustomPostRowView.swift */; };
		5F9F53542C3FF7C500494A44 /* RootView.swift in Sources */ = {isa = PBXBuildFile; fileRef = 5F9F53532C3FF7C500494A44 /* RootView.swift */; };
		5FACFBAE2C4A9BF7001B94C2 /* Date+Ext.swift in Sources */ = {isa = PBXBuildFile; fileRef = 5FACFBAD2C4A9BF7001B94C2 /* Date+Ext.swift */; };
		5FB56F132C3A87E500671B86 /* QueryDetailView.swift in Sources */ = {isa = PBXBuildFile; fileRef = 5FB56F122C3A87E500671B86 /* QueryDetailView.swift */; };
		5FB56F152C3A901600671B86 /* QueryCommentBottomSheetView.swift in Sources */ = {isa = PBXBuildFile; fileRef = 5FB56F142C3A901600671B86 /* QueryCommentBottomSheetView.swift */; };
		5FD44FAD2C3B1F0A00CC4DEB /* CustomCommentRowView.swift in Sources */ = {isa = PBXBuildFile; fileRef = 5FD44FAC2C3B1F0900CC4DEB /* CustomCommentRowView.swift */; };
		5FDBC72B2C3C69E900DF3F20 /* AdaptasionToKeyboard.swift in Sources */ = {isa = PBXBuildFile; fileRef = 5FDBC72A2C3C69E900DF3F20 /* AdaptasionToKeyboard.swift */; };
		5FDBC7312C3D0FB500DF3F20 /* HTTPQueryRepository.swift in Sources */ = {isa = PBXBuildFile; fileRef = 5FDBC7302C3D0FB500DF3F20 /* HTTPQueryRepository.swift */; };
		5FDBC7332C3D149C00DF3F20 /* QueryModel.swift in Sources */ = {isa = PBXBuildFile; fileRef = 5FDBC7322C3D149C00DF3F20 /* QueryModel.swift */; };
		5FE7E1162C37A98F007879E3 /* MyQueryView.swift in Sources */ = {isa = PBXBuildFile; fileRef = 5FE7E1152C37A98F007879E3 /* MyQueryView.swift */; };
		5FE7E11A2C37AC53007879E3 /* MyQueryViewModel.swift in Sources */ = {isa = PBXBuildFile; fileRef = 5FE7E1192C37AC53007879E3 /* MyQueryViewModel.swift */; };
		5FF2DC292C4CF42A00C7CEE8 /* SingleQueryModel.swift in Sources */ = {isa = PBXBuildFile; fileRef = 5FF2DC282C4CF42A00C7CEE8 /* SingleQueryModel.swift */; };
		5FF2DC2C2C4CF6F000C7CEE8 /* QueryDetailViewModel.swift in Sources */ = {isa = PBXBuildFile; fileRef = 5FF2DC2B2C4CF6F000C7CEE8 /* QueryDetailViewModel.swift */; };
		6F36E01F2C1C2EE200C41257 /* View + Ext.swift in Sources */ = {isa = PBXBuildFile; fileRef = 6F36E01E2C1C2EE200C41257 /* View + Ext.swift */; };
		6F36E0222C1C3BBA00C41257 /* JakartaFonts.swift in Sources */ = {isa = PBXBuildFile; fileRef = 6F36E0212C1C3BBA00C41257 /* JakartaFonts.swift */; };
		6F6B8CAB2C29C07100BB52FE /* TextView.swift in Sources */ = {isa = PBXBuildFile; fileRef = 6F6B8CAA2C29C07100BB52FE /* TextView.swift */; };
		6F6B8CB12C29EA9700BB52FE /* ContentView.swift in Sources */ = {isa = PBXBuildFile; fileRef = 6F6B8CB02C29EA9700BB52FE /* ContentView.swift */; };
		6F7535422C19954B003D12AC /* LoginView.swift in Sources */ = {isa = PBXBuildFile; fileRef = 6F7535412C19954B003D12AC /* LoginView.swift */; };
		6F7535452C19956E003D12AC /* RegisterView.swift in Sources */ = {isa = PBXBuildFile; fileRef = 6F7535442C19956E003D12AC /* RegisterView.swift */; };
		6F75354B2C1998D5003D12AC /* CustomTitleView.swift in Sources */ = {isa = PBXBuildFile; fileRef = 6F75354A2C1998D5003D12AC /* CustomTitleView.swift */; };
		6F75354D2C199C3B003D12AC /* CustomCheckBox.swift in Sources */ = {isa = PBXBuildFile; fileRef = 6F75354C2C199C3B003D12AC /* CustomCheckBox.swift */; };
		8C22A95E2C1C5AB000B3879B /* RegisterModel.swift in Sources */ = {isa = PBXBuildFile; fileRef = 8C22A95D2C1C5AB000B3879B /* RegisterModel.swift */; };
		8C22A9602C1C5AD800B3879B /* LoginModel.swift in Sources */ = {isa = PBXBuildFile; fileRef = 8C22A95F2C1C5AD800B3879B /* LoginModel.swift */; };
		8C22A9622C1C5AE800B3879B /* ResetPasswordModel.swift in Sources */ = {isa = PBXBuildFile; fileRef = 8C22A9612C1C5AE800B3879B /* ResetPasswordModel.swift */; };
		8C22A9642C1C5B0300B3879B /* OTPModel.swift in Sources */ = {isa = PBXBuildFile; fileRef = 8C22A9632C1C5B0300B3879B /* OTPModel.swift */; };
		8C22A9662C1C5B1200B3879B /* EmailModel.swift in Sources */ = {isa = PBXBuildFile; fileRef = 8C22A9652C1C5B1200B3879B /* EmailModel.swift */; };
		8C22A9692C1C5E5400B3879B /* JSONConverter.swift in Sources */ = {isa = PBXBuildFile; fileRef = 8C22A9682C1C5E5400B3879B /* JSONConverter.swift */; };
		8C22A9742C1C5F1800B3879B /* HTTPAuthRepository.swift in Sources */ = {isa = PBXBuildFile; fileRef = 8C22A9732C1C5F1800B3879B /* HTTPAuthRepository.swift */; };
		8C264F442C2405BF00FDAAE3 /* SuccessModel.swift in Sources */ = {isa = PBXBuildFile; fileRef = 8C264F432C2405BF00FDAAE3 /* SuccessModel.swift */; };
		8C264F482C2446ED00FDAAE3 /* RegisterViewModel.swift in Sources */ = {isa = PBXBuildFile; fileRef = 8C264F472C2446ED00FDAAE3 /* RegisterViewModel.swift */; };
		8C55350A2C3413A90084B18B /* CustomPickerView.swift in Sources */ = {isa = PBXBuildFile; fileRef = 8C5535092C3413A90084B18B /* CustomPickerView.swift */; };
		8C5B58DD2C3530FB00DC3AF5 /* CustomTextEditor.swift in Sources */ = {isa = PBXBuildFile; fileRef = 8C5B58DC2C3530FB00DC3AF5 /* CustomTextEditor.swift */; };
		8CA3EAFC2C1C647300514134 /* NetworkingPack in Frameworks */ = {isa = PBXBuildFile; productRef = 8CA3EAFB2C1C647300514134 /* NetworkingPack */; };
		8CA3EB062C1C65DD00514134 /* LoginViewModel.swift in Sources */ = {isa = PBXBuildFile; fileRef = 8CA3EB052C1C65DD00514134 /* LoginViewModel.swift */; };
		8CA3EB082C1C67EF00514134 /* EmailVerificationViewModel.swift in Sources */ = {isa = PBXBuildFile; fileRef = 8CA3EB072C1C67EF00514134 /* EmailVerificationViewModel.swift */; };
		8CA3EB0A2C1C70F900514134 /* PassowordChangeViewModel.swift in Sources */ = {isa = PBXBuildFile; fileRef = 8CA3EB092C1C70F900514134 /* PassowordChangeViewModel.swift */; };
		8CE645362C32A254004A956E /* NewQueryView.swift in Sources */ = {isa = PBXBuildFile; fileRef = 8CE645352C32A254004A956E /* NewQueryView.swift */; };
		8CE6D1F42C358789002704C6 /* NewQueryInfoView.swift in Sources */ = {isa = PBXBuildFile; fileRef = 8CE6D1F32C358789002704C6 /* NewQueryInfoView.swift */; };
		A82DADFE2C18DD7300E18665 /* CustomButton.swift in Sources */ = {isa = PBXBuildFile; fileRef = A82DADFD2C18DD7300E18665 /* CustomButton.swift */; };
		A82DAE002C18E11700E18665 /* CustomTextField.swift in Sources */ = {isa = PBXBuildFile; fileRef = A82DADFF2C18E11700E18665 /* CustomTextField.swift */; };
		A82DAE032C18E34B00E18665 /* Constants.swift in Sources */ = {isa = PBXBuildFile; fileRef = A82DAE022C18E34B00E18665 /* Constants.swift */; };
		A8BF680F2C2C8E9D0005AE43 /* CustomEnvironmentProperties.swift in Sources */ = {isa = PBXBuildFile; fileRef = A8BF680E2C2C8E9D0005AE43 /* CustomEnvironmentProperties.swift */; };
		A8BF68122C2F558F0005AE43 /* Router.swift in Sources */ = {isa = PBXBuildFile; fileRef = A8BF68112C2F558F0005AE43 /* Router.swift */; };
		A8BF68142C2F56FE0005AE43 /* CustomNavigationStack.swift in Sources */ = {isa = PBXBuildFile; fileRef = A8BF68132C2F56FE0005AE43 /* CustomNavigationStack.swift */; };
		FB161FB82C2A9AF600C0A8E9 /* String+ Ext.swift in Sources */ = {isa = PBXBuildFile; fileRef = FB161FB72C2A9AF600C0A8E9 /* String+ Ext.swift */; };
		FB1EDCA82C4E413F00B7EB7D /* HomeView.swift in Sources */ = {isa = PBXBuildFile; fileRef = FB1EDCA72C4E413F00B7EB7D /* HomeView.swift */; };
		FB1EDCAA2C4E417F00B7EB7D /* HomeViewModel.swift in Sources */ = {isa = PBXBuildFile; fileRef = FB1EDCA92C4E417F00B7EB7D /* HomeViewModel.swift */; };
		FB1EDCAC2C4E41D000B7EB7D /* FilterView.swift in Sources */ = {isa = PBXBuildFile; fileRef = FB1EDCAB2C4E41D000B7EB7D /* FilterView.swift */; };
		FB1EDCAE2C4E6DB300B7EB7D /* FilterViewModel.swift in Sources */ = {isa = PBXBuildFile; fileRef = FB1EDCAD2C4E6DB300B7EB7D /* FilterViewModel.swift */; };
		FB4CEBE52C41453E007E1419 /* HTTPHomeRepository.swift in Sources */ = {isa = PBXBuildFile; fileRef = FB4CEBE42C41453E007E1419 /* HTTPHomeRepository.swift */; };
		FB55BD552C1B0CAD00F81FDB /* PlusJakartaSans-SemiBoldItalic.ttf in Resources */ = {isa = PBXBuildFile; fileRef = FB55BD472C1B0CAC00F81FDB /* PlusJakartaSans-SemiBoldItalic.ttf */; };
		FB55BD562C1B0CAD00F81FDB /* PlusJakartaSans-BoldItalic.ttf in Resources */ = {isa = PBXBuildFile; fileRef = FB55BD482C1B0CAC00F81FDB /* PlusJakartaSans-BoldItalic.ttf */; };
		FB55BD572C1B0CAD00F81FDB /* PlusJakartaSans-ExtraLight.ttf in Resources */ = {isa = PBXBuildFile; fileRef = FB55BD492C1B0CAC00F81FDB /* PlusJakartaSans-ExtraLight.ttf */; };
		FB55BD582C1B0CAD00F81FDB /* PlusJakartaSans-Bold.ttf in Resources */ = {isa = PBXBuildFile; fileRef = FB55BD4A2C1B0CAC00F81FDB /* PlusJakartaSans-Bold.ttf */; };
		FB55BD592C1B0CAD00F81FDB /* PlusJakartaSans-SemiBold.ttf in Resources */ = {isa = PBXBuildFile; fileRef = FB55BD4B2C1B0CAC00F81FDB /* PlusJakartaSans-SemiBold.ttf */; };
		FB55BD5A2C1B0CAD00F81FDB /* PlusJakartaSans-MediumItalic.ttf in Resources */ = {isa = PBXBuildFile; fileRef = FB55BD4C2C1B0CAD00F81FDB /* PlusJakartaSans-MediumItalic.ttf */; };
		FB55BD5B2C1B0CAD00F81FDB /* PlusJakartaSans-Regular.ttf in Resources */ = {isa = PBXBuildFile; fileRef = FB55BD4D2C1B0CAD00F81FDB /* PlusJakartaSans-Regular.ttf */; };
		FB55BD5C2C1B0CAD00F81FDB /* PlusJakartaSans-ExtraBold.ttf in Resources */ = {isa = PBXBuildFile; fileRef = FB55BD4E2C1B0CAD00F81FDB /* PlusJakartaSans-ExtraBold.ttf */; };
		FB55BD5D2C1B0CAD00F81FDB /* PlusJakartaSans-ExtraLightItalic.ttf in Resources */ = {isa = PBXBuildFile; fileRef = FB55BD4F2C1B0CAD00F81FDB /* PlusJakartaSans-ExtraLightItalic.ttf */; };
		FB55BD5E2C1B0CAD00F81FDB /* PlusJakartaSans-Italic.ttf in Resources */ = {isa = PBXBuildFile; fileRef = FB55BD502C1B0CAD00F81FDB /* PlusJakartaSans-Italic.ttf */; };
		FB55BD5F2C1B0CAD00F81FDB /* PlusJakartaSans-Light.ttf in Resources */ = {isa = PBXBuildFile; fileRef = FB55BD512C1B0CAD00F81FDB /* PlusJakartaSans-Light.ttf */; };
		FB55BD602C1B0CAD00F81FDB /* PlusJakartaSans-Medium.ttf in Resources */ = {isa = PBXBuildFile; fileRef = FB55BD522C1B0CAD00F81FDB /* PlusJakartaSans-Medium.ttf */; };
		FB55BD612C1B0CAD00F81FDB /* PlusJakartaSans-ExtraBoldItalic.ttf in Resources */ = {isa = PBXBuildFile; fileRef = FB55BD532C1B0CAD00F81FDB /* PlusJakartaSans-ExtraBoldItalic.ttf */; };
		FB55BD622C1B0CAD00F81FDB /* PlusJakartaSans-LightItalic.ttf in Resources */ = {isa = PBXBuildFile; fileRef = FB55BD542C1B0CAD00F81FDB /* PlusJakartaSans-LightItalic.ttf */; };
		FB55BD652C1B0D7100F81FDB /* Fonts + Ext.swift in Sources */ = {isa = PBXBuildFile; fileRef = FB55BD642C1B0D7100F81FDB /* Fonts + Ext.swift */; };
		FB5A102F2C2771B400E16828 /* NewPasswordView.swift in Sources */ = {isa = PBXBuildFile; fileRef = FB5A102E2C2771B400E16828 /* NewPasswordView.swift */; };
		FB5A10312C27724500E16828 /* NewPasswordViewModel.swift in Sources */ = {isa = PBXBuildFile; fileRef = FB5A10302C27724500E16828 /* NewPasswordViewModel.swift */; };
		FB5A10332C277FDE00E16828 /* MyAccountView.swift in Sources */ = {isa = PBXBuildFile; fileRef = FB5A10322C277FDE00E16828 /* MyAccountView.swift */; };
		FB5A10352C277FF700E16828 /* MyAccountViewModel.swift in Sources */ = {isa = PBXBuildFile; fileRef = FB5A10342C277FF700E16828 /* MyAccountViewModel.swift */; };
		FB5A10372C2787E500E16828 /* DeleteAccountView.swift in Sources */ = {isa = PBXBuildFile; fileRef = FB5A10362C2787E500E16828 /* DeleteAccountView.swift */; };
		FB5A10392C2787FD00E16828 /* DeleteAccountViewModel.swift in Sources */ = {isa = PBXBuildFile; fileRef = FB5A10382C2787FD00E16828 /* DeleteAccountViewModel.swift */; };
		FB967D182C257678002BA572 /* OTPViewModel.swift in Sources */ = {isa = PBXBuildFile; fileRef = FB967D172C257678002BA572 /* OTPViewModel.swift */; };
		FB967D1F2C25818B002BA572 /* ProfileModel.swift in Sources */ = {isa = PBXBuildFile; fileRef = FB967D1E2C25818B002BA572 /* ProfileModel.swift */; };
		FB967D212C2581A2002BA572 /* ProfileView.swift in Sources */ = {isa = PBXBuildFile; fileRef = FB967D202C2581A2002BA572 /* ProfileView.swift */; };
		FB967D232C2581B6002BA572 /* ProfileViewModel.swift in Sources */ = {isa = PBXBuildFile; fileRef = FB967D222C2581B6002BA572 /* ProfileViewModel.swift */; };
		FB967D252C2584DC002BA572 /* CustomRowView.swift in Sources */ = {isa = PBXBuildFile; fileRef = FB967D242C2584DC002BA572 /* CustomRowView.swift */; };
		FB9753F12C19D49F006AF6A5 /* CountdownView.swift in Sources */ = {isa = PBXBuildFile; fileRef = FB9753F02C19D49F006AF6A5 /* CountdownView.swift */; };
		FB9ADD9A2C327B6900D5A16B /* LoadingView.swift in Sources */ = {isa = PBXBuildFile; fileRef = FB9ADD992C327B6900D5A16B /* LoadingView.swift */; };
		FBA207142C3D54D500F15F1B /* FullNameModel.swift in Sources */ = {isa = PBXBuildFile; fileRef = FBA207132C3D54D500F15F1B /* FullNameModel.swift */; };
		FBA207162C3D63F200F15F1B /* UpdatePasswordModel.swift in Sources */ = {isa = PBXBuildFile; fileRef = FBA207152C3D63F200F15F1B /* UpdatePasswordModel.swift */; };
		FBA4BA252C185BDD00BEDA9E /* OTPView.swift in Sources */ = {isa = PBXBuildFile; fileRef = FBA4BA242C185BDD00BEDA9E /* OTPView.swift */; };
		FBA4BA272C185EC100BEDA9E /* OTPTextField.swift in Sources */ = {isa = PBXBuildFile; fileRef = FBA4BA262C185EC100BEDA9E /* OTPTextField.swift */; };
		FBAD42AF2C40060F00623B28 /* Tab.swift in Sources */ = {isa = PBXBuildFile; fileRef = FBAD42AE2C40060F00623B28 /* Tab.swift */; };
		FBAE3D702C37DED900C12CA2 /* PasswordModel.swift in Sources */ = {isa = PBXBuildFile; fileRef = FBAE3D6F2C37DED900C12CA2 /* PasswordModel.swift */; };
		FBAE3D722C37E47C00C12CA2 /* HTTPProfileRepository.swift in Sources */ = {isa = PBXBuildFile; fileRef = FBAE3D712C37E47C00C12CA2 /* HTTPProfileRepository.swift */; };
		FBB108E12C3FB96F00C78326 /* TabBarView.swift in Sources */ = {isa = PBXBuildFile; fileRef = FBB108E02C3FB96F00C78326 /* TabBarView.swift */; };
		FBB108E52C3FE2D900C78326 /* BottomCurve.swift in Sources */ = {isa = PBXBuildFile; fileRef = FBB108E42C3FE2D900C78326 /* BottomCurve.swift */; };
		FBC5DB822C36B851002AA056 /* UINavigationController + Ext.swift in Sources */ = {isa = PBXBuildFile; fileRef = FBC5DB812C36B851002AA056 /* UINavigationController + Ext.swift */; };
		FBE048702C182C5900C71D2D /* Issue_SolverApp.swift in Sources */ = {isa = PBXBuildFile; fileRef = FBE0486F2C182C5900C71D2D /* Issue_SolverApp.swift */; };
		FBE048742C182C5D00C71D2D /* Assets.xcassets in Resources */ = {isa = PBXBuildFile; fileRef = FBE048732C182C5D00C71D2D /* Assets.xcassets */; };
		FBE048772C182C5D00C71D2D /* Preview Assets.xcassets in Resources */ = {isa = PBXBuildFile; fileRef = FBE048762C182C5D00C71D2D /* Preview Assets.xcassets */; };
		FBEA6C9D2C1C08E0008953CB /* EmailVerificationView.swift in Sources */ = {isa = PBXBuildFile; fileRef = FBEA6C9C2C1C08E0008953CB /* EmailVerificationView.swift */; };
		FBEA6C9F2C1C16BB008953CB /* PasswordChangeView.swift in Sources */ = {isa = PBXBuildFile; fileRef = FBEA6C9E2C1C16BB008953CB /* PasswordChangeView.swift */; };
/* End PBXBuildFile section */

/* Begin PBXFileReference section */
		5F1A84252C33D3F200DF17E5 /* NewQueryViewModel.swift */ = {isa = PBXFileReference; lastKnownFileType = sourcecode.swift; path = NewQueryViewModel.swift; sourceTree = "<group>"; };
		5F474AE32C3E6E7C004E32DA /* AuthManager.swift */ = {isa = PBXFileReference; lastKnownFileType = sourcecode.swift; path = AuthManager.swift; sourceTree = "<group>"; };
		5F4A053C2C39EEEE00574153 /* CustomPostRowView.swift */ = {isa = PBXFileReference; lastKnownFileType = sourcecode.swift; path = CustomPostRowView.swift; sourceTree = "<group>"; };
		5F9F53532C3FF7C500494A44 /* RootView.swift */ = {isa = PBXFileReference; lastKnownFileType = sourcecode.swift; path = RootView.swift; sourceTree = "<group>"; };
		5FACFBAD2C4A9BF7001B94C2 /* Date+Ext.swift */ = {isa = PBXFileReference; lastKnownFileType = sourcecode.swift; path = "Date+Ext.swift"; sourceTree = "<group>"; };
		5FB56F122C3A87E500671B86 /* QueryDetailView.swift */ = {isa = PBXFileReference; lastKnownFileType = sourcecode.swift; path = QueryDetailView.swift; sourceTree = "<group>"; };
		5FB56F142C3A901600671B86 /* QueryCommentBottomSheetView.swift */ = {isa = PBXFileReference; lastKnownFileType = sourcecode.swift; path = QueryCommentBottomSheetView.swift; sourceTree = "<group>"; };
		5FD44FAC2C3B1F0900CC4DEB /* CustomCommentRowView.swift */ = {isa = PBXFileReference; lastKnownFileType = sourcecode.swift; path = CustomCommentRowView.swift; sourceTree = "<group>"; };
		5FDBC72A2C3C69E900DF3F20 /* AdaptasionToKeyboard.swift */ = {isa = PBXFileReference; lastKnownFileType = sourcecode.swift; path = AdaptasionToKeyboard.swift; sourceTree = "<group>"; };
		5FDBC7302C3D0FB500DF3F20 /* HTTPQueryRepository.swift */ = {isa = PBXFileReference; lastKnownFileType = sourcecode.swift; path = HTTPQueryRepository.swift; sourceTree = "<group>"; };
		5FDBC7322C3D149C00DF3F20 /* QueryModel.swift */ = {isa = PBXFileReference; lastKnownFileType = sourcecode.swift; path = QueryModel.swift; sourceTree = "<group>"; };
		5FE7E1152C37A98F007879E3 /* MyQueryView.swift */ = {isa = PBXFileReference; lastKnownFileType = sourcecode.swift; path = MyQueryView.swift; sourceTree = "<group>"; };
		5FE7E1192C37AC53007879E3 /* MyQueryViewModel.swift */ = {isa = PBXFileReference; lastKnownFileType = sourcecode.swift; path = MyQueryViewModel.swift; sourceTree = "<group>"; };
		5FF2DC282C4CF42A00C7CEE8 /* SingleQueryModel.swift */ = {isa = PBXFileReference; lastKnownFileType = sourcecode.swift; path = SingleQueryModel.swift; sourceTree = "<group>"; };
		5FF2DC2B2C4CF6F000C7CEE8 /* QueryDetailViewModel.swift */ = {isa = PBXFileReference; lastKnownFileType = sourcecode.swift; path = QueryDetailViewModel.swift; sourceTree = "<group>"; };
		6F36E01E2C1C2EE200C41257 /* View + Ext.swift */ = {isa = PBXFileReference; lastKnownFileType = sourcecode.swift; path = "View + Ext.swift"; sourceTree = "<group>"; };
		6F36E0212C1C3BBA00C41257 /* JakartaFonts.swift */ = {isa = PBXFileReference; lastKnownFileType = sourcecode.swift; path = JakartaFonts.swift; sourceTree = "<group>"; };
		6F6B8CAA2C29C07100BB52FE /* TextView.swift */ = {isa = PBXFileReference; lastKnownFileType = sourcecode.swift; path = TextView.swift; sourceTree = "<group>"; };
		6F6B8CB02C29EA9700BB52FE /* ContentView.swift */ = {isa = PBXFileReference; lastKnownFileType = sourcecode.swift; path = ContentView.swift; sourceTree = "<group>"; };
		6F7535412C19954B003D12AC /* LoginView.swift */ = {isa = PBXFileReference; lastKnownFileType = sourcecode.swift; path = LoginView.swift; sourceTree = "<group>"; };
		6F7535442C19956E003D12AC /* RegisterView.swift */ = {isa = PBXFileReference; lastKnownFileType = sourcecode.swift; name = RegisterView.swift; path = ../../RegisterView/RegisterView.swift; sourceTree = "<group>"; };
		6F75354A2C1998D5003D12AC /* CustomTitleView.swift */ = {isa = PBXFileReference; lastKnownFileType = sourcecode.swift; path = CustomTitleView.swift; sourceTree = "<group>"; };
		6F75354C2C199C3B003D12AC /* CustomCheckBox.swift */ = {isa = PBXFileReference; lastKnownFileType = sourcecode.swift; path = CustomCheckBox.swift; sourceTree = "<group>"; };
		8C22A95B2C1C54AC00B3879B /* NetworkingPack */ = {isa = PBXFileReference; lastKnownFileType = wrapper; path = NetworkingPack; sourceTree = SOURCE_ROOT; };
		8C22A95D2C1C5AB000B3879B /* RegisterModel.swift */ = {isa = PBXFileReference; lastKnownFileType = sourcecode.swift; path = RegisterModel.swift; sourceTree = "<group>"; };
		8C22A95F2C1C5AD800B3879B /* LoginModel.swift */ = {isa = PBXFileReference; lastKnownFileType = sourcecode.swift; path = LoginModel.swift; sourceTree = "<group>"; };
		8C22A9612C1C5AE800B3879B /* ResetPasswordModel.swift */ = {isa = PBXFileReference; lastKnownFileType = sourcecode.swift; path = ResetPasswordModel.swift; sourceTree = "<group>"; };
		8C22A9632C1C5B0300B3879B /* OTPModel.swift */ = {isa = PBXFileReference; lastKnownFileType = sourcecode.swift; path = OTPModel.swift; sourceTree = "<group>"; };
		8C22A9652C1C5B1200B3879B /* EmailModel.swift */ = {isa = PBXFileReference; lastKnownFileType = sourcecode.swift; path = EmailModel.swift; sourceTree = "<group>"; };
		8C22A9682C1C5E5400B3879B /* JSONConverter.swift */ = {isa = PBXFileReference; lastKnownFileType = sourcecode.swift; path = JSONConverter.swift; sourceTree = "<group>"; };
		8C22A9732C1C5F1800B3879B /* HTTPAuthRepository.swift */ = {isa = PBXFileReference; lastKnownFileType = sourcecode.swift; path = HTTPAuthRepository.swift; sourceTree = "<group>"; };
		8C264F432C2405BF00FDAAE3 /* SuccessModel.swift */ = {isa = PBXFileReference; lastKnownFileType = sourcecode.swift; path = SuccessModel.swift; sourceTree = "<group>"; };
		8C264F472C2446ED00FDAAE3 /* RegisterViewModel.swift */ = {isa = PBXFileReference; lastKnownFileType = sourcecode.swift; path = RegisterViewModel.swift; sourceTree = "<group>"; };
		8C3D9DC52C3672720050342A /* NewQueryInfoViewModel.swift */ = {isa = PBXFileReference; lastKnownFileType = sourcecode.swift; path = NewQueryInfoViewModel.swift; sourceTree = "<group>"; };
		8C5535092C3413A90084B18B /* CustomPickerView.swift */ = {isa = PBXFileReference; lastKnownFileType = sourcecode.swift; path = CustomPickerView.swift; sourceTree = "<group>"; };
		8C5B58DC2C3530FB00DC3AF5 /* CustomTextEditor.swift */ = {isa = PBXFileReference; lastKnownFileType = sourcecode.swift; path = CustomTextEditor.swift; sourceTree = "<group>"; };
		8CA3EB052C1C65DD00514134 /* LoginViewModel.swift */ = {isa = PBXFileReference; lastKnownFileType = sourcecode.swift; path = LoginViewModel.swift; sourceTree = "<group>"; };
		8CA3EB072C1C67EF00514134 /* EmailVerificationViewModel.swift */ = {isa = PBXFileReference; lastKnownFileType = sourcecode.swift; path = EmailVerificationViewModel.swift; sourceTree = "<group>"; };
		8CA3EB092C1C70F900514134 /* PassowordChangeViewModel.swift */ = {isa = PBXFileReference; lastKnownFileType = sourcecode.swift; path = PassowordChangeViewModel.swift; sourceTree = "<group>"; };
		8CE645352C32A254004A956E /* NewQueryView.swift */ = {isa = PBXFileReference; lastKnownFileType = sourcecode.swift; path = NewQueryView.swift; sourceTree = "<group>"; };
		8CE6D1F32C358789002704C6 /* NewQueryInfoView.swift */ = {isa = PBXFileReference; lastKnownFileType = sourcecode.swift; path = NewQueryInfoView.swift; sourceTree = "<group>"; };
		A82DADFD2C18DD7300E18665 /* CustomButton.swift */ = {isa = PBXFileReference; lastKnownFileType = sourcecode.swift; path = CustomButton.swift; sourceTree = "<group>"; };
		A82DADFF2C18E11700E18665 /* CustomTextField.swift */ = {isa = PBXFileReference; lastKnownFileType = sourcecode.swift; path = CustomTextField.swift; sourceTree = "<group>"; };
		A82DAE022C18E34B00E18665 /* Constants.swift */ = {isa = PBXFileReference; lastKnownFileType = sourcecode.swift; path = Constants.swift; sourceTree = "<group>"; };
		A8BF680E2C2C8E9D0005AE43 /* CustomEnvironmentProperties.swift */ = {isa = PBXFileReference; lastKnownFileType = sourcecode.swift; path = CustomEnvironmentProperties.swift; sourceTree = "<group>"; };
		A8BF68112C2F558F0005AE43 /* Router.swift */ = {isa = PBXFileReference; lastKnownFileType = sourcecode.swift; path = Router.swift; sourceTree = "<group>"; };
		A8BF68132C2F56FE0005AE43 /* CustomNavigationStack.swift */ = {isa = PBXFileReference; lastKnownFileType = sourcecode.swift; path = CustomNavigationStack.swift; sourceTree = "<group>"; };
		FB161FB72C2A9AF600C0A8E9 /* String+ Ext.swift */ = {isa = PBXFileReference; lastKnownFileType = sourcecode.swift; path = "String+ Ext.swift"; sourceTree = "<group>"; };
		FB1EDCA72C4E413F00B7EB7D /* HomeView.swift */ = {isa = PBXFileReference; lastKnownFileType = sourcecode.swift; path = HomeView.swift; sourceTree = "<group>"; };
		FB1EDCA92C4E417F00B7EB7D /* HomeViewModel.swift */ = {isa = PBXFileReference; lastKnownFileType = sourcecode.swift; path = HomeViewModel.swift; sourceTree = "<group>"; };
		FB1EDCAB2C4E41D000B7EB7D /* FilterView.swift */ = {isa = PBXFileReference; lastKnownFileType = sourcecode.swift; path = FilterView.swift; sourceTree = "<group>"; };
		FB1EDCAD2C4E6DB300B7EB7D /* FilterViewModel.swift */ = {isa = PBXFileReference; lastKnownFileType = sourcecode.swift; path = FilterViewModel.swift; sourceTree = "<group>"; };
		FB4CEBE42C41453E007E1419 /* HTTPHomeRepository.swift */ = {isa = PBXFileReference; lastKnownFileType = sourcecode.swift; path = HTTPHomeRepository.swift; sourceTree = "<group>"; };
		FB55BD472C1B0CAC00F81FDB /* PlusJakartaSans-SemiBoldItalic.ttf */ = {isa = PBXFileReference; lastKnownFileType = file; path = "PlusJakartaSans-SemiBoldItalic.ttf"; sourceTree = "<group>"; };
		FB55BD482C1B0CAC00F81FDB /* PlusJakartaSans-BoldItalic.ttf */ = {isa = PBXFileReference; lastKnownFileType = file; path = "PlusJakartaSans-BoldItalic.ttf"; sourceTree = "<group>"; };
		FB55BD492C1B0CAC00F81FDB /* PlusJakartaSans-ExtraLight.ttf */ = {isa = PBXFileReference; lastKnownFileType = file; path = "PlusJakartaSans-ExtraLight.ttf"; sourceTree = "<group>"; };
		FB55BD4A2C1B0CAC00F81FDB /* PlusJakartaSans-Bold.ttf */ = {isa = PBXFileReference; lastKnownFileType = file; path = "PlusJakartaSans-Bold.ttf"; sourceTree = "<group>"; };
		FB55BD4B2C1B0CAC00F81FDB /* PlusJakartaSans-SemiBold.ttf */ = {isa = PBXFileReference; lastKnownFileType = file; path = "PlusJakartaSans-SemiBold.ttf"; sourceTree = "<group>"; };
		FB55BD4C2C1B0CAD00F81FDB /* PlusJakartaSans-MediumItalic.ttf */ = {isa = PBXFileReference; lastKnownFileType = file; path = "PlusJakartaSans-MediumItalic.ttf"; sourceTree = "<group>"; };
		FB55BD4D2C1B0CAD00F81FDB /* PlusJakartaSans-Regular.ttf */ = {isa = PBXFileReference; lastKnownFileType = file; path = "PlusJakartaSans-Regular.ttf"; sourceTree = "<group>"; };
		FB55BD4E2C1B0CAD00F81FDB /* PlusJakartaSans-ExtraBold.ttf */ = {isa = PBXFileReference; lastKnownFileType = file; path = "PlusJakartaSans-ExtraBold.ttf"; sourceTree = "<group>"; };
		FB55BD4F2C1B0CAD00F81FDB /* PlusJakartaSans-ExtraLightItalic.ttf */ = {isa = PBXFileReference; lastKnownFileType = file; path = "PlusJakartaSans-ExtraLightItalic.ttf"; sourceTree = "<group>"; };
		FB55BD502C1B0CAD00F81FDB /* PlusJakartaSans-Italic.ttf */ = {isa = PBXFileReference; lastKnownFileType = file; path = "PlusJakartaSans-Italic.ttf"; sourceTree = "<group>"; };
		FB55BD512C1B0CAD00F81FDB /* PlusJakartaSans-Light.ttf */ = {isa = PBXFileReference; lastKnownFileType = file; path = "PlusJakartaSans-Light.ttf"; sourceTree = "<group>"; };
		FB55BD522C1B0CAD00F81FDB /* PlusJakartaSans-Medium.ttf */ = {isa = PBXFileReference; lastKnownFileType = file; path = "PlusJakartaSans-Medium.ttf"; sourceTree = "<group>"; };
		FB55BD532C1B0CAD00F81FDB /* PlusJakartaSans-ExtraBoldItalic.ttf */ = {isa = PBXFileReference; lastKnownFileType = file; path = "PlusJakartaSans-ExtraBoldItalic.ttf"; sourceTree = "<group>"; };
		FB55BD542C1B0CAD00F81FDB /* PlusJakartaSans-LightItalic.ttf */ = {isa = PBXFileReference; lastKnownFileType = file; path = "PlusJakartaSans-LightItalic.ttf"; sourceTree = "<group>"; };
		FB55BD642C1B0D7100F81FDB /* Fonts + Ext.swift */ = {isa = PBXFileReference; lastKnownFileType = sourcecode.swift; path = "Fonts + Ext.swift"; sourceTree = "<group>"; };
		FB55BD662C1B0F9B00F81FDB /* Issue-Solver-Info.plist */ = {isa = PBXFileReference; lastKnownFileType = text.plist; path = "Issue-Solver-Info.plist"; sourceTree = SOURCE_ROOT; };
		FB5A102E2C2771B400E16828 /* NewPasswordView.swift */ = {isa = PBXFileReference; lastKnownFileType = sourcecode.swift; path = NewPasswordView.swift; sourceTree = "<group>"; };
		FB5A10302C27724500E16828 /* NewPasswordViewModel.swift */ = {isa = PBXFileReference; lastKnownFileType = sourcecode.swift; path = NewPasswordViewModel.swift; sourceTree = "<group>"; };
		FB5A10322C277FDE00E16828 /* MyAccountView.swift */ = {isa = PBXFileReference; lastKnownFileType = sourcecode.swift; path = MyAccountView.swift; sourceTree = "<group>"; };
		FB5A10342C277FF700E16828 /* MyAccountViewModel.swift */ = {isa = PBXFileReference; lastKnownFileType = sourcecode.swift; path = MyAccountViewModel.swift; sourceTree = "<group>"; };
		FB5A10362C2787E500E16828 /* DeleteAccountView.swift */ = {isa = PBXFileReference; lastKnownFileType = sourcecode.swift; path = DeleteAccountView.swift; sourceTree = "<group>"; };
		FB5A10382C2787FD00E16828 /* DeleteAccountViewModel.swift */ = {isa = PBXFileReference; lastKnownFileType = sourcecode.swift; path = DeleteAccountViewModel.swift; sourceTree = "<group>"; };
		FB967D172C257678002BA572 /* OTPViewModel.swift */ = {isa = PBXFileReference; lastKnownFileType = sourcecode.swift; path = OTPViewModel.swift; sourceTree = "<group>"; };
		FB967D1E2C25818B002BA572 /* ProfileModel.swift */ = {isa = PBXFileReference; lastKnownFileType = sourcecode.swift; path = ProfileModel.swift; sourceTree = "<group>"; };
		FB967D202C2581A2002BA572 /* ProfileView.swift */ = {isa = PBXFileReference; lastKnownFileType = sourcecode.swift; path = ProfileView.swift; sourceTree = "<group>"; };
		FB967D222C2581B6002BA572 /* ProfileViewModel.swift */ = {isa = PBXFileReference; lastKnownFileType = sourcecode.swift; path = ProfileViewModel.swift; sourceTree = "<group>"; };
		FB967D242C2584DC002BA572 /* CustomRowView.swift */ = {isa = PBXFileReference; lastKnownFileType = sourcecode.swift; path = CustomRowView.swift; sourceTree = "<group>"; };
		FB9753F02C19D49F006AF6A5 /* CountdownView.swift */ = {isa = PBXFileReference; lastKnownFileType = sourcecode.swift; path = CountdownView.swift; sourceTree = "<group>"; };
		FB9ADD992C327B6900D5A16B /* LoadingView.swift */ = {isa = PBXFileReference; lastKnownFileType = sourcecode.swift; path = LoadingView.swift; sourceTree = "<group>"; };
		FBA207132C3D54D500F15F1B /* FullNameModel.swift */ = {isa = PBXFileReference; lastKnownFileType = sourcecode.swift; path = FullNameModel.swift; sourceTree = "<group>"; };
		FBA207152C3D63F200F15F1B /* UpdatePasswordModel.swift */ = {isa = PBXFileReference; lastKnownFileType = sourcecode.swift; path = UpdatePasswordModel.swift; sourceTree = "<group>"; };
		FBA4BA242C185BDD00BEDA9E /* OTPView.swift */ = {isa = PBXFileReference; lastKnownFileType = sourcecode.swift; path = OTPView.swift; sourceTree = "<group>"; };
		FBA4BA262C185EC100BEDA9E /* OTPTextField.swift */ = {isa = PBXFileReference; lastKnownFileType = sourcecode.swift; name = OTPTextField.swift; path = "../OTP Screen/OTPTextField.swift"; sourceTree = "<group>"; };
		FBAD42AE2C40060F00623B28 /* Tab.swift */ = {isa = PBXFileReference; lastKnownFileType = sourcecode.swift; path = Tab.swift; sourceTree = "<group>"; };
		FBAE3D6F2C37DED900C12CA2 /* PasswordModel.swift */ = {isa = PBXFileReference; lastKnownFileType = sourcecode.swift; path = PasswordModel.swift; sourceTree = "<group>"; };
		FBAE3D712C37E47C00C12CA2 /* HTTPProfileRepository.swift */ = {isa = PBXFileReference; lastKnownFileType = sourcecode.swift; path = HTTPProfileRepository.swift; sourceTree = "<group>"; };
		FBB108E02C3FB96F00C78326 /* TabBarView.swift */ = {isa = PBXFileReference; lastKnownFileType = sourcecode.swift; path = TabBarView.swift; sourceTree = "<group>"; };
		FBB108E42C3FE2D900C78326 /* BottomCurve.swift */ = {isa = PBXFileReference; lastKnownFileType = sourcecode.swift; path = BottomCurve.swift; sourceTree = "<group>"; };
		FBC5DB812C36B851002AA056 /* UINavigationController + Ext.swift */ = {isa = PBXFileReference; lastKnownFileType = sourcecode.swift; path = "UINavigationController + Ext.swift"; sourceTree = "<group>"; };
		FBE0486C2C182C5900C71D2D /* Issue Solver.app */ = {isa = PBXFileReference; explicitFileType = wrapper.application; includeInIndex = 0; path = "Issue Solver.app"; sourceTree = BUILT_PRODUCTS_DIR; };
		FBE0486F2C182C5900C71D2D /* Issue_SolverApp.swift */ = {isa = PBXFileReference; lastKnownFileType = sourcecode.swift; path = Issue_SolverApp.swift; sourceTree = "<group>"; };
		FBE048732C182C5D00C71D2D /* Assets.xcassets */ = {isa = PBXFileReference; lastKnownFileType = folder.assetcatalog; path = Assets.xcassets; sourceTree = "<group>"; };
		FBE048762C182C5D00C71D2D /* Preview Assets.xcassets */ = {isa = PBXFileReference; lastKnownFileType = folder.assetcatalog; path = "Preview Assets.xcassets"; sourceTree = "<group>"; };
		FBEA6C9C2C1C08E0008953CB /* EmailVerificationView.swift */ = {isa = PBXFileReference; lastKnownFileType = sourcecode.swift; path = EmailVerificationView.swift; sourceTree = "<group>"; };
		FBEA6C9E2C1C16BB008953CB /* PasswordChangeView.swift */ = {isa = PBXFileReference; lastKnownFileType = sourcecode.swift; path = PasswordChangeView.swift; sourceTree = "<group>"; };
/* End PBXFileReference section */

/* Begin PBXFrameworksBuildPhase section */
		FBE048692C182C5900C71D2D /* Frameworks */ = {
			isa = PBXFrameworksBuildPhase;
			buildActionMask = 2147483647;
			files = (
				8CA3EAFC2C1C647300514134 /* NetworkingPack in Frameworks */,
			);
			runOnlyForDeploymentPostprocessing = 0;
		};
/* End PBXFrameworksBuildPhase section */

/* Begin PBXGroup section */
		5F1A84242C33D3DD00DF17E5 /* ViewModels */ = {
			isa = PBXGroup;
			children = (
				5F1A84252C33D3F200DF17E5 /* NewQueryViewModel.swift */,
				8C3D9DC52C3672720050342A /* NewQueryInfoViewModel.swift */,
			);
			path = ViewModels;
			sourceTree = "<group>";
		};
		5F474AE22C3E6E64004E32DA /* AuthManager */ = {
			isa = PBXGroup;
			children = (
				5F474AE32C3E6E7C004E32DA /* AuthManager.swift */,
			);
			path = AuthManager;
			sourceTree = "<group>";
		};
		5FB56F0E2C3A875B00671B86 /* QueryDetail */ = {
			isa = PBXGroup;
			children = (
				5FB56F112C3A87CB00671B86 /* Views */,
				5FF2DC2A2C4CF6D800C7CEE8 /* ViewModels */,
				5FF2DC272C4CF41E00C7CEE8 /* Model */,
			);
			path = QueryDetail;
			sourceTree = "<group>";
		};
		5FB56F112C3A87CB00671B86 /* Views */ = {
			isa = PBXGroup;
			children = (
				5FB56F122C3A87E500671B86 /* QueryDetailView.swift */,
				5FB56F142C3A901600671B86 /* QueryCommentBottomSheetView.swift */,
			);
			path = Views;
			sourceTree = "<group>";
		};
		5FDBC7292C3C699700DF3F20 /* Modifiers */ = {
			isa = PBXGroup;
			children = (
				5FDBC72A2C3C69E900DF3F20 /* AdaptasionToKeyboard.swift */,
			);
			path = Modifiers;
			sourceTree = "<group>";
		};
		5FDBC72D2C3D02CC00DF3F20 /* Models */ = {
			isa = PBXGroup;
			children = (
				5FDBC7322C3D149C00DF3F20 /* QueryModel.swift */,
			);
			path = Models;
			sourceTree = "<group>";
		};
		5FE7E1122C37A971007879E3 /* MyQuery */ = {
			isa = PBXGroup;
			children = (
				5FE7E1142C37A982007879E3 /* Views */,
				5FE7E1172C37AC3B007879E3 /* ViewModels */,
				5FDBC72D2C3D02CC00DF3F20 /* Models */,
			);
			path = MyQuery;
			sourceTree = "<group>";
		};
		5FE7E1142C37A982007879E3 /* Views */ = {
			isa = PBXGroup;
			children = (
				5FE7E1152C37A98F007879E3 /* MyQueryView.swift */,
			);
			path = Views;
			sourceTree = "<group>";
		};
		5FE7E1172C37AC3B007879E3 /* ViewModels */ = {
			isa = PBXGroup;
			children = (
				5FE7E1192C37AC53007879E3 /* MyQueryViewModel.swift */,
			);
			path = ViewModels;
			sourceTree = "<group>";
		};
		5FF2DC272C4CF41E00C7CEE8 /* Model */ = {
			isa = PBXGroup;
			children = (
				5FF2DC282C4CF42A00C7CEE8 /* SingleQueryModel.swift */,
			);
			path = Model;
			sourceTree = "<group>";
		};
		5FF2DC2A2C4CF6D800C7CEE8 /* ViewModels */ = {
			isa = PBXGroup;
			children = (
				5FF2DC2B2C4CF6F000C7CEE8 /* QueryDetailViewModel.swift */,
			);
			path = ViewModels;
			sourceTree = "<group>";
		};
		6F36E0202C1C3B0800C41257 /* Helpers */ = {
			isa = PBXGroup;
			children = (
				5F474AE22C3E6E64004E32DA /* AuthManager */,
				8C264F422C2405B400FDAAE3 /* Model */,
				8C22A9722C1C5F1000B3879B /* Repository */,
				8C22A9672C1C5E4100B3879B /* DataManager */,
				6F36E0212C1C3BBA00C41257 /* JakartaFonts.swift */,
			);
			path = Helpers;
			sourceTree = "<group>";
		};
		6F6B8CA92C29C05400BB52FE /* UIKit -> SwiftUI */ = {
			isa = PBXGroup;
			children = (
				6F6B8CAA2C29C07100BB52FE /* TextView.swift */,
			);
			path = "UIKit -> SwiftUI";
			sourceTree = "<group>";
		};
		6F75354E2C19A278003D12AC /* Custom */ = {
			isa = PBXGroup;
			children = (
				FB9ADD982C327B2D00D5A16B /* LoadingView */,
				A82DADFD2C18DD7300E18665 /* CustomButton.swift */,
				A82DADFF2C18E11700E18665 /* CustomTextField.swift */,
				6F75354A2C1998D5003D12AC /* CustomTitleView.swift */,
				6F75354C2C199C3B003D12AC /* CustomCheckBox.swift */,
				FB967D242C2584DC002BA572 /* CustomRowView.swift */,
				A8BF680E2C2C8E9D0005AE43 /* CustomEnvironmentProperties.swift */,
				8C5535092C3413A90084B18B /* CustomPickerView.swift */,
				8C5B58DC2C3530FB00DC3AF5 /* CustomTextEditor.swift */,
				5F4A053C2C39EEEE00574153 /* CustomPostRowView.swift */,
				5FD44FAC2C3B1F0900CC4DEB /* CustomCommentRowView.swift */,
			);
			path = Custom;
			sourceTree = "<group>";
		};
		8C22A95C2C1C5A9B00B3879B /* Models */ = {
			isa = PBXGroup;
			children = (
				8C22A95D2C1C5AB000B3879B /* RegisterModel.swift */,
				8C22A95F2C1C5AD800B3879B /* LoginModel.swift */,
				8C22A9612C1C5AE800B3879B /* ResetPasswordModel.swift */,
				8C22A9632C1C5B0300B3879B /* OTPModel.swift */,
				8C22A9652C1C5B1200B3879B /* EmailModel.swift */,
			);
			path = Models;
			sourceTree = "<group>";
		};
		8C22A9672C1C5E4100B3879B /* DataManager */ = {
			isa = PBXGroup;
			children = (
				8C22A9682C1C5E5400B3879B /* JSONConverter.swift */,
			);
			path = DataManager;
			sourceTree = "<group>";
		};
		8C22A9722C1C5F1000B3879B /* Repository */ = {
			isa = PBXGroup;
			children = (
				8C22A9732C1C5F1800B3879B /* HTTPAuthRepository.swift */,
				FBAE3D712C37E47C00C12CA2 /* HTTPProfileRepository.swift */,
				5FDBC7302C3D0FB500DF3F20 /* HTTPQueryRepository.swift */,
				FB4CEBE42C41453E007E1419 /* HTTPHomeRepository.swift */,
			);
			path = Repository;
			sourceTree = "<group>";
		};
		8C22A9752C1C5F7100B3879B /* Frameworks */ = {
			isa = PBXGroup;
			children = (
			);
			name = Frameworks;
			sourceTree = "<group>";
		};
		8C22A9792C1C62E700B3879B /* Views */ = {
			isa = PBXGroup;
			children = (
				6F7535412C19954B003D12AC /* LoginView.swift */,
				6F7535442C19956E003D12AC /* RegisterView.swift */,
				FBEA6C9C2C1C08E0008953CB /* EmailVerificationView.swift */,
				FBEA6C9E2C1C16BB008953CB /* PasswordChangeView.swift */,
				FBA4BA242C185BDD00BEDA9E /* OTPView.swift */,
			);
			name = Views;
			path = Models/Views;
			sourceTree = "<group>";
		};
		8C264F422C2405B400FDAAE3 /* Model */ = {
			isa = PBXGroup;
			children = (
				8C264F432C2405BF00FDAAE3 /* SuccessModel.swift */,
			);
			path = Model;
			sourceTree = "<group>";
		};
		8CA3EB002C1C650200514134 /* ViewModels */ = {
			isa = PBXGroup;
			children = (
				8CA3EB052C1C65DD00514134 /* LoginViewModel.swift */,
				8C264F472C2446ED00FDAAE3 /* RegisterViewModel.swift */,
				8CA3EB072C1C67EF00514134 /* EmailVerificationViewModel.swift */,
				8CA3EB092C1C70F900514134 /* PassowordChangeViewModel.swift */,
				FB967D172C257678002BA572 /* OTPViewModel.swift */,
			);
			name = ViewModels;
			path = LoginView/ViewModels;
			sourceTree = "<group>";
		};
		8CE6452E2C32A163004A956E /* NewQuery */ = {
			isa = PBXGroup;
			children = (
				8CE645322C32A21A004A956E /* Views */,
				5F1A84242C33D3DD00DF17E5 /* ViewModels */,
			);
			path = NewQuery;
			sourceTree = "<group>";
		};
		8CE645322C32A21A004A956E /* Views */ = {
			isa = PBXGroup;
			children = (
				8CE645352C32A254004A956E /* NewQueryView.swift */,
				8CE6D1F32C358789002704C6 /* NewQueryInfoView.swift */,
			);
			path = Views;
			sourceTree = "<group>";
		};
		A82DADFC2C18DCC400E18665 /* General Components */ = {
			isa = PBXGroup;
			children = (
				6F6B8CA92C29C05400BB52FE /* UIKit -> SwiftUI */,
				6F75354E2C19A278003D12AC /* Custom */,
			);
			path = "General Components";
			sourceTree = "<group>";
		};
		A8BF68102C2F55830005AE43 /* NavigationRouter */ = {
			isa = PBXGroup;
			children = (
				A8BF68112C2F558F0005AE43 /* Router.swift */,
				A8BF68132C2F56FE0005AE43 /* CustomNavigationStack.swift */,
			);
			path = NavigationRouter;
			sourceTree = "<group>";
		};
		FB1EDCA02C4E40DC00B7EB7D /* Home */ = {
			isa = PBXGroup;
			children = (
				FB1EDCA32C4E40F400B7EB7D /* Model */,
				FB1EDCA12C4E40E800B7EB7D /* View */,
				FB1EDCA22C4E40EE00B7EB7D /* ViewModel */,
				FB1EDCA42C4E40FA00B7EB7D /* FilterView */,
			);
			path = Home;
			sourceTree = "<group>";
		};
		FB1EDCA12C4E40E800B7EB7D /* View */ = {
			isa = PBXGroup;
			children = (
				FB1EDCA72C4E413F00B7EB7D /* HomeView.swift */,
			);
			path = View;
			sourceTree = "<group>";
		};
		FB1EDCA22C4E40EE00B7EB7D /* ViewModel */ = {
			isa = PBXGroup;
			children = (
				FB1EDCA92C4E417F00B7EB7D /* HomeViewModel.swift */,
			);
			path = ViewModel;
			sourceTree = "<group>";
		};
		FB1EDCA32C4E40F400B7EB7D /* Model */ = {
			isa = PBXGroup;
			children = (
			);
			path = Model;
			sourceTree = "<group>";
		};
		FB1EDCA42C4E40FA00B7EB7D /* FilterView */ = {
			isa = PBXGroup;
			children = (
				FB1EDCAB2C4E41D000B7EB7D /* FilterView.swift */,
				FB1EDCAD2C4E6DB300B7EB7D /* FilterViewModel.swift */,
			);
			path = FilterView;
			sourceTree = "<group>";
		};
		FB55BD462C1B0B6600F81FDB /* Fonts */ = {
			isa = PBXGroup;
			children = (
				FB55BD4A2C1B0CAC00F81FDB /* PlusJakartaSans-Bold.ttf */,
				FB55BD482C1B0CAC00F81FDB /* PlusJakartaSans-BoldItalic.ttf */,
				FB55BD4E2C1B0CAD00F81FDB /* PlusJakartaSans-ExtraBold.ttf */,
				FB55BD532C1B0CAD00F81FDB /* PlusJakartaSans-ExtraBoldItalic.ttf */,
				FB55BD492C1B0CAC00F81FDB /* PlusJakartaSans-ExtraLight.ttf */,
				FB55BD4F2C1B0CAD00F81FDB /* PlusJakartaSans-ExtraLightItalic.ttf */,
				FB55BD502C1B0CAD00F81FDB /* PlusJakartaSans-Italic.ttf */,
				FB55BD512C1B0CAD00F81FDB /* PlusJakartaSans-Light.ttf */,
				FB55BD542C1B0CAD00F81FDB /* PlusJakartaSans-LightItalic.ttf */,
				FB55BD522C1B0CAD00F81FDB /* PlusJakartaSans-Medium.ttf */,
				FB55BD4C2C1B0CAD00F81FDB /* PlusJakartaSans-MediumItalic.ttf */,
				FB55BD4D2C1B0CAD00F81FDB /* PlusJakartaSans-Regular.ttf */,
				FB55BD4B2C1B0CAC00F81FDB /* PlusJakartaSans-SemiBold.ttf */,
				FB55BD472C1B0CAC00F81FDB /* PlusJakartaSans-SemiBoldItalic.ttf */,
			);
			path = Fonts;
			sourceTree = "<group>";
		};
		FB55BD632C1B0D3500F81FDB /* Extensions */ = {
			isa = PBXGroup;
			children = (
				FB55BD642C1B0D7100F81FDB /* Fonts + Ext.swift */,
				6F36E01E2C1C2EE200C41257 /* View + Ext.swift */,
				FB161FB72C2A9AF600C0A8E9 /* String+ Ext.swift */,
				FBC5DB812C36B851002AA056 /* UINavigationController + Ext.swift */,
				5FACFBAD2C4A9BF7001B94C2 /* Date+Ext.swift */,
			);
			path = Extensions;
			sourceTree = "<group>";
		};
		FB967D192C257686002BA572 /* Components */ = {
			isa = PBXGroup;
			children = (
				FB9753F02C19D49F006AF6A5 /* CountdownView.swift */,
				FBA4BA262C185EC100BEDA9E /* OTPTextField.swift */,
			);
			path = Components;
			sourceTree = "<group>";
		};
		FB967D1A2C258137002BA572 /* ProfileScreen */ = {
			isa = PBXGroup;
			children = (
				FB967D1B2C258150002BA572 /* Views */,
				FB967D1D2C258164002BA572 /* Models */,
				FB967D1C2C258157002BA572 /* ViewModels */,
			);
			path = ProfileScreen;
			sourceTree = "<group>";
		};
		FB967D1B2C258150002BA572 /* Views */ = {
			isa = PBXGroup;
			children = (
				FB967D202C2581A2002BA572 /* ProfileView.swift */,
				FB5A102E2C2771B400E16828 /* NewPasswordView.swift */,
				FB5A10322C277FDE00E16828 /* MyAccountView.swift */,
				FB5A10362C2787E500E16828 /* DeleteAccountView.swift */,
			);
			path = Views;
			sourceTree = "<group>";
		};
		FB967D1C2C258157002BA572 /* ViewModels */ = {
			isa = PBXGroup;
			children = (
				FB967D222C2581B6002BA572 /* ProfileViewModel.swift */,
				FB5A10302C27724500E16828 /* NewPasswordViewModel.swift */,
				FB5A10342C277FF700E16828 /* MyAccountViewModel.swift */,
				FB5A10382C2787FD00E16828 /* DeleteAccountViewModel.swift */,
			);
			path = ViewModels;
			sourceTree = "<group>";
		};
		FB967D1D2C258164002BA572 /* Models */ = {
			isa = PBXGroup;
			children = (
				FB967D1E2C25818B002BA572 /* ProfileModel.swift */,
				FBAE3D6F2C37DED900C12CA2 /* PasswordModel.swift */,
				FBA207132C3D54D500F15F1B /* FullNameModel.swift */,
				FBA207152C3D63F200F15F1B /* UpdatePasswordModel.swift */,
			);
			path = Models;
			sourceTree = "<group>";
		};
		FB9ADD982C327B2D00D5A16B /* LoadingView */ = {
			isa = PBXGroup;
			children = (
				FB9ADD992C327B6900D5A16B /* LoadingView.swift */,
			);
			path = LoadingView;
			sourceTree = "<group>";
		};
		FBA4BA1C2C183D0000BEDA9E /* Core */ = {
			isa = PBXGroup;
			children = (
				FBE0486F2C182C5900C71D2D /* Issue_SolverApp.swift */,
				FBE048732C182C5D00C71D2D /* Assets.xcassets */,
				6F6B8CB02C29EA9700BB52FE /* ContentView.swift */,
				5F9F53532C3FF7C500494A44 /* RootView.swift */,
			);
			path = Core;
			sourceTree = "<group>";
		};
		FBA4BA1D2C183D1A00BEDA9E /* UI */ = {
			isa = PBXGroup;
			children = (
				FBA4BA1E2C183D2800BEDA9E /* Screens */,
				A82DADFC2C18DCC400E18665 /* General Components */,
				FBA4BA1F2C183D3B00BEDA9E /* UI Helpers */,
			);
			path = UI;
			sourceTree = "<group>";
		};
		FBA4BA1E2C183D2800BEDA9E /* Screens */ = {
			isa = PBXGroup;
			children = (
				FB1EDCA02C4E40DC00B7EB7D /* Home */,
				FBA4BA222C18467200BEDA9E /* Authentication */,
				FBCB34782C3BFA7600AF5F16 /* TabBar */,
				5FE7E1122C37A971007879E3 /* MyQuery */,
				5FB56F0E2C3A875B00671B86 /* QueryDetail */,
				8CE6452E2C32A163004A956E /* NewQuery */,
				FB967D1A2C258137002BA572 /* ProfileScreen */,
			);
			path = Screens;
			sourceTree = "<group>";
		};
		FBA4BA1F2C183D3B00BEDA9E /* UI Helpers */ = {
			isa = PBXGroup;
			children = (
				5FDBC7292C3C699700DF3F20 /* Modifiers */,
				A8BF68102C2F55830005AE43 /* NavigationRouter */,
				A82DAE022C18E34B00E18665 /* Constants.swift */,
				FB55BD462C1B0B6600F81FDB /* Fonts */,
			);
			path = "UI Helpers";
			sourceTree = "<group>";
		};
		FBA4BA222C18467200BEDA9E /* Authentication */ = {
			isa = PBXGroup;
			children = (
				8C22A9792C1C62E700B3879B /* Views */,
				8CA3EB002C1C650200514134 /* ViewModels */,
				8C22A95C2C1C5A9B00B3879B /* Models */,
				FB967D192C257686002BA572 /* Components */,
			);
			path = Authentication;
			sourceTree = "<group>";
		};
		FBCB34782C3BFA7600AF5F16 /* TabBar */ = {
			isa = PBXGroup;
			children = (
				FBB108E02C3FB96F00C78326 /* TabBarView.swift */,
				FBB108E42C3FE2D900C78326 /* BottomCurve.swift */,
				FBAD42AE2C40060F00623B28 /* Tab.swift */,
			);
			path = TabBar;
			sourceTree = "<group>";
		};
		FBE048632C182C5900C71D2D = {
			isa = PBXGroup;
			children = (
				FBE0486E2C182C5900C71D2D /* Issue Solver */,
				FBE0486D2C182C5900C71D2D /* Products */,
				8C22A9752C1C5F7100B3879B /* Frameworks */,
			);
			sourceTree = "<group>";
		};
		FBE0486D2C182C5900C71D2D /* Products */ = {
			isa = PBXGroup;
			children = (
				FBE0486C2C182C5900C71D2D /* Issue Solver.app */,
			);
			name = Products;
			sourceTree = "<group>";
		};
		FBE0486E2C182C5900C71D2D /* Issue Solver */ = {
			isa = PBXGroup;
			children = (
				8C22A95B2C1C54AC00B3879B /* NetworkingPack */,
				FB55BD662C1B0F9B00F81FDB /* Issue-Solver-Info.plist */,
				FB55BD632C1B0D3500F81FDB /* Extensions */,
				FBA4BA1D2C183D1A00BEDA9E /* UI */,
				6F36E0202C1C3B0800C41257 /* Helpers */,
				FBA4BA1C2C183D0000BEDA9E /* Core */,
				FBE048752C182C5D00C71D2D /* Preview Content */,
			);
			path = "Issue Solver";
			sourceTree = "<group>";
		};
		FBE048752C182C5D00C71D2D /* Preview Content */ = {
			isa = PBXGroup;
			children = (
				FBE048762C182C5D00C71D2D /* Preview Assets.xcassets */,
			);
			path = "Preview Content";
			sourceTree = "<group>";
		};
/* End PBXGroup section */

/* Begin PBXNativeTarget section */
		FBE0486B2C182C5900C71D2D /* Issue Solver */ = {
			isa = PBXNativeTarget;
			buildConfigurationList = FBE0487A2C182C5D00C71D2D /* Build configuration list for PBXNativeTarget "Issue Solver" */;
			buildPhases = (
				FBE048682C182C5900C71D2D /* Sources */,
				FBE048692C182C5900C71D2D /* Frameworks */,
				FBE0486A2C182C5900C71D2D /* Resources */,
			);
			buildRules = (
			);
			dependencies = (
			);
			name = "Issue Solver";
			packageProductDependencies = (
				8CA3EAFB2C1C647300514134 /* NetworkingPack */,
			);
			productName = "Issue Solver";
			productReference = FBE0486C2C182C5900C71D2D /* Issue Solver.app */;
			productType = "com.apple.product-type.application";
		};
/* End PBXNativeTarget section */

/* Begin PBXProject section */
		FBE048642C182C5900C71D2D /* Project object */ = {
			isa = PBXProject;
			attributes = {
				BuildIndependentTargetsInParallel = 1;
				LastSwiftUpdateCheck = 1540;
				LastUpgradeCheck = 1540;
				TargetAttributes = {
					FBE0486B2C182C5900C71D2D = {
						CreatedOnToolsVersion = 15.4;
					};
				};
			};
			buildConfigurationList = FBE048672C182C5900C71D2D /* Build configuration list for PBXProject "Issue Solver" */;
			compatibilityVersion = "Xcode 14.0";
			developmentRegion = en;
			hasScannedForEncodings = 0;
			knownRegions = (
				en,
				Base,
			);
			mainGroup = FBE048632C182C5900C71D2D;
			productRefGroup = FBE0486D2C182C5900C71D2D /* Products */;
			projectDirPath = "";
			projectRoot = "";
			targets = (
				FBE0486B2C182C5900C71D2D /* Issue Solver */,
			);
		};
/* End PBXProject section */

/* Begin PBXResourcesBuildPhase section */
		FBE0486A2C182C5900C71D2D /* Resources */ = {
			isa = PBXResourcesBuildPhase;
			buildActionMask = 2147483647;
			files = (
				FB55BD5E2C1B0CAD00F81FDB /* PlusJakartaSans-Italic.ttf in Resources */,
				FB55BD5D2C1B0CAD00F81FDB /* PlusJakartaSans-ExtraLightItalic.ttf in Resources */,
				FB55BD552C1B0CAD00F81FDB /* PlusJakartaSans-SemiBoldItalic.ttf in Resources */,
				FB55BD602C1B0CAD00F81FDB /* PlusJakartaSans-Medium.ttf in Resources */,
				FB55BD562C1B0CAD00F81FDB /* PlusJakartaSans-BoldItalic.ttf in Resources */,
				FB55BD572C1B0CAD00F81FDB /* PlusJakartaSans-ExtraLight.ttf in Resources */,
				FB55BD582C1B0CAD00F81FDB /* PlusJakartaSans-Bold.ttf in Resources */,
				FB55BD592C1B0CAD00F81FDB /* PlusJakartaSans-SemiBold.ttf in Resources */,
				FBE048772C182C5D00C71D2D /* Preview Assets.xcassets in Resources */,
				FB55BD5C2C1B0CAD00F81FDB /* PlusJakartaSans-ExtraBold.ttf in Resources */,
				FB55BD5F2C1B0CAD00F81FDB /* PlusJakartaSans-Light.ttf in Resources */,
				FB55BD5A2C1B0CAD00F81FDB /* PlusJakartaSans-MediumItalic.ttf in Resources */,
				FB55BD5B2C1B0CAD00F81FDB /* PlusJakartaSans-Regular.ttf in Resources */,
				FB55BD622C1B0CAD00F81FDB /* PlusJakartaSans-LightItalic.ttf in Resources */,
				FB55BD612C1B0CAD00F81FDB /* PlusJakartaSans-ExtraBoldItalic.ttf in Resources */,
				FBE048742C182C5D00C71D2D /* Assets.xcassets in Resources */,
			);
			runOnlyForDeploymentPostprocessing = 0;
		};
/* End PBXResourcesBuildPhase section */

/* Begin PBXSourcesBuildPhase section */
		FBE048682C182C5900C71D2D /* Sources */ = {
			isa = PBXSourcesBuildPhase;
			buildActionMask = 2147483647;
			files = (
				5F474AE42C3E6E7C004E32DA /* AuthManager.swift in Sources */,
				FB5A102F2C2771B400E16828 /* NewPasswordView.swift in Sources */,
				8CA3EB082C1C67EF00514134 /* EmailVerificationViewModel.swift in Sources */,
				8C22A9602C1C5AD800B3879B /* LoginModel.swift in Sources */,
				FBB108E12C3FB96F00C78326 /* TabBarView.swift in Sources */,
				6F6B8CAB2C29C07100BB52FE /* TextView.swift in Sources */,
				6F75354B2C1998D5003D12AC /* CustomTitleView.swift in Sources */,
				FB9ADD9A2C327B6900D5A16B /* LoadingView.swift in Sources */,
				FB5A10312C27724500E16828 /* NewPasswordViewModel.swift in Sources */,
				FBE048702C182C5900C71D2D /* Issue_SolverApp.swift in Sources */,
				6F36E01F2C1C2EE200C41257 /* View + Ext.swift in Sources */,
				8C264F442C2405BF00FDAAE3 /* SuccessModel.swift in Sources */,
				5F4A053D2C39EEEE00574153 /* CustomPostRowView.swift in Sources */,
				6F7535422C19954B003D12AC /* LoginView.swift in Sources */,
				FB967D252C2584DC002BA572 /* CustomRowView.swift in Sources */,
				FB967D182C257678002BA572 /* OTPViewModel.swift in Sources */,
				FBA4BA252C185BDD00BEDA9E /* OTPView.swift in Sources */,
				FBA4BA272C185EC100BEDA9E /* OTPTextField.swift in Sources */,
				FBC5DB822C36B851002AA056 /* UINavigationController + Ext.swift in Sources */,
				5FF2DC2C2C4CF6F000C7CEE8 /* QueryDetailViewModel.swift in Sources */,
				6F36E0222C1C3BBA00C41257 /* JakartaFonts.swift in Sources */,
				8CE6D1F42C358789002704C6 /* NewQueryInfoView.swift in Sources */,
				A8BF68122C2F558F0005AE43 /* Router.swift in Sources */,
				FB1EDCAA2C4E417F00B7EB7D /* HomeViewModel.swift in Sources */,
				FB4CEBE52C41453E007E1419 /* HTTPHomeRepository.swift in Sources */,
				5F34E5572C399506009A4A77 /* NewQueryInfoViewModel.swift in Sources */,
				5FD44FAD2C3B1F0A00CC4DEB /* CustomCommentRowView.swift in Sources */,
				8CA3EB062C1C65DD00514134 /* LoginViewModel.swift in Sources */,
				FBA207162C3D63F200F15F1B /* UpdatePasswordModel.swift in Sources */,
				5FE7E11A2C37AC53007879E3 /* MyQueryViewModel.swift in Sources */,
				A82DADFE2C18DD7300E18665 /* CustomButton.swift in Sources */,
				FB5A10332C277FDE00E16828 /* MyAccountView.swift in Sources */,
				8C22A95E2C1C5AB000B3879B /* RegisterModel.swift in Sources */,
				5FE7E1162C37A98F007879E3 /* MyQueryView.swift in Sources */,
				5F9F53542C3FF7C500494A44 /* RootView.swift in Sources */,
				5FDBC72B2C3C69E900DF3F20 /* AdaptasionToKeyboard.swift in Sources */,
				FB9753F12C19D49F006AF6A5 /* CountdownView.swift in Sources */,
				FB967D1F2C25818B002BA572 /* ProfileModel.swift in Sources */,
				FB1EDCA82C4E413F00B7EB7D /* HomeView.swift in Sources */,
				8CA3EB0A2C1C70F900514134 /* PassowordChangeViewModel.swift in Sources */,
				FB5A10372C2787E500E16828 /* DeleteAccountView.swift in Sources */,
				6F7535452C19956E003D12AC /* RegisterView.swift in Sources */,
				FBAE3D702C37DED900C12CA2 /* PasswordModel.swift in Sources */,
				5FF2DC292C4CF42A00C7CEE8 /* SingleQueryModel.swift in Sources */,
				6F75354D2C199C3B003D12AC /* CustomCheckBox.swift in Sources */,
				5FDBC7332C3D149C00DF3F20 /* QueryModel.swift in Sources */,
				6F6B8CB12C29EA9700BB52FE /* ContentView.swift in Sources */,
				8C264F482C2446ED00FDAAE3 /* RegisterViewModel.swift in Sources */,
				8C22A9692C1C5E5400B3879B /* JSONConverter.swift in Sources */,
				8C5B58DD2C3530FB00DC3AF5 /* CustomTextEditor.swift in Sources */,
				A82DAE002C18E11700E18665 /* CustomTextField.swift in Sources */,
				A8BF680F2C2C8E9D0005AE43 /* CustomEnvironmentProperties.swift in Sources */,
				FB1EDCAC2C4E41D000B7EB7D /* FilterView.swift in Sources */,
				FB161FB82C2A9AF600C0A8E9 /* String+ Ext.swift in Sources */,
				8C22A9622C1C5AE800B3879B /* ResetPasswordModel.swift in Sources */,
				A82DAE032C18E34B00E18665 /* Constants.swift in Sources */,
				5FB56F152C3A901600671B86 /* QueryCommentBottomSheetView.swift in Sources */,
				FBAD42AF2C40060F00623B28 /* Tab.swift in Sources */,
				FBB108E52C3FE2D900C78326 /* BottomCurve.swift in Sources */,
				FBEA6C9F2C1C16BB008953CB /* PasswordChangeView.swift in Sources */,
				FB55BD652C1B0D7100F81FDB /* Fonts + Ext.swift in Sources */,
				8C22A9662C1C5B1200B3879B /* EmailModel.swift in Sources */,
				5FDBC7312C3D0FB500DF3F20 /* HTTPQueryRepository.swift in Sources */,
				8C22A9642C1C5B0300B3879B /* OTPModel.swift in Sources */,
				8CE645362C32A254004A956E /* NewQueryView.swift in Sources */,
				8C55350A2C3413A90084B18B /* CustomPickerView.swift in Sources */,
				FBAE3D722C37E47C00C12CA2 /* HTTPProfileRepository.swift in Sources */,
				FB5A10392C2787FD00E16828 /* DeleteAccountViewModel.swift in Sources */,
				FB5A10352C277FF700E16828 /* MyAccountViewModel.swift in Sources */,
				A8BF68142C2F56FE0005AE43 /* CustomNavigationStack.swift in Sources */,
				FB967D232C2581B6002BA572 /* ProfileViewModel.swift in Sources */,
				5FACFBAE2C4A9BF7001B94C2 /* Date+Ext.swift in Sources */,
				FBEA6C9D2C1C08E0008953CB /* EmailVerificationView.swift in Sources */,
				FBA207142C3D54D500F15F1B /* FullNameModel.swift in Sources */,
				FB1EDCAE2C4E6DB300B7EB7D /* FilterViewModel.swift in Sources */,
				5F1A84262C33D3F200DF17E5 /* NewQueryViewModel.swift in Sources */,
				FB967D212C2581A2002BA572 /* ProfileView.swift in Sources */,
				8C22A9742C1C5F1800B3879B /* HTTPAuthRepository.swift in Sources */,
				5FB56F132C3A87E500671B86 /* QueryDetailView.swift in Sources */,
			);
			runOnlyForDeploymentPostprocessing = 0;
		};
/* End PBXSourcesBuildPhase section */

/* Begin XCBuildConfiguration section */
		FBE048782C182C5D00C71D2D /* Debug */ = {
			isa = XCBuildConfiguration;
			buildSettings = {
				ALWAYS_SEARCH_USER_PATHS = NO;
				ASSETCATALOG_COMPILER_GENERATE_SWIFT_ASSET_SYMBOL_EXTENSIONS = YES;
				CLANG_ANALYZER_NONNULL = YES;
				CLANG_ANALYZER_NUMBER_OBJECT_CONVERSION = YES_AGGRESSIVE;
				CLANG_CXX_LANGUAGE_STANDARD = "gnu++20";
				CLANG_ENABLE_MODULES = YES;
				CLANG_ENABLE_OBJC_ARC = YES;
				CLANG_ENABLE_OBJC_WEAK = YES;
				CLANG_WARN_BLOCK_CAPTURE_AUTORELEASING = YES;
				CLANG_WARN_BOOL_CONVERSION = YES;
				CLANG_WARN_COMMA = YES;
				CLANG_WARN_CONSTANT_CONVERSION = YES;
				CLANG_WARN_DEPRECATED_OBJC_IMPLEMENTATIONS = YES;
				CLANG_WARN_DIRECT_OBJC_ISA_USAGE = YES_ERROR;
				CLANG_WARN_DOCUMENTATION_COMMENTS = YES;
				CLANG_WARN_EMPTY_BODY = YES;
				CLANG_WARN_ENUM_CONVERSION = YES;
				CLANG_WARN_INFINITE_RECURSION = YES;
				CLANG_WARN_INT_CONVERSION = YES;
				CLANG_WARN_NON_LITERAL_NULL_CONVERSION = YES;
				CLANG_WARN_OBJC_IMPLICIT_RETAIN_SELF = YES;
				CLANG_WARN_OBJC_LITERAL_CONVERSION = YES;
				CLANG_WARN_OBJC_ROOT_CLASS = YES_ERROR;
				CLANG_WARN_QUOTED_INCLUDE_IN_FRAMEWORK_HEADER = YES;
				CLANG_WARN_RANGE_LOOP_ANALYSIS = YES;
				CLANG_WARN_STRICT_PROTOTYPES = YES;
				CLANG_WARN_SUSPICIOUS_MOVE = YES;
				CLANG_WARN_UNGUARDED_AVAILABILITY = YES_AGGRESSIVE;
				CLANG_WARN_UNREACHABLE_CODE = YES;
				CLANG_WARN__DUPLICATE_METHOD_MATCH = YES;
				COPY_PHASE_STRIP = NO;
				DEBUG_INFORMATION_FORMAT = dwarf;
				ENABLE_STRICT_OBJC_MSGSEND = YES;
				ENABLE_TESTABILITY = YES;
				ENABLE_USER_SCRIPT_SANDBOXING = YES;
				GCC_C_LANGUAGE_STANDARD = gnu17;
				GCC_DYNAMIC_NO_PIC = NO;
				GCC_NO_COMMON_BLOCKS = YES;
				GCC_OPTIMIZATION_LEVEL = 0;
				GCC_PREPROCESSOR_DEFINITIONS = (
					"DEBUG=1",
					"$(inherited)",
				);
				GCC_WARN_64_TO_32_BIT_CONVERSION = YES;
				GCC_WARN_ABOUT_RETURN_TYPE = YES_ERROR;
				GCC_WARN_UNDECLARED_SELECTOR = YES;
				GCC_WARN_UNINITIALIZED_AUTOS = YES_AGGRESSIVE;
				GCC_WARN_UNUSED_FUNCTION = YES;
				GCC_WARN_UNUSED_VARIABLE = YES;
				IPHONEOS_DEPLOYMENT_TARGET = 17.5;
				LOCALIZATION_PREFERS_STRING_CATALOGS = YES;
				MTL_ENABLE_DEBUG_INFO = INCLUDE_SOURCE;
				MTL_FAST_MATH = YES;
				ONLY_ACTIVE_ARCH = YES;
				SDKROOT = iphoneos;
				SWIFT_ACTIVE_COMPILATION_CONDITIONS = "DEBUG $(inherited)";
				SWIFT_OPTIMIZATION_LEVEL = "-Onone";
			};
			name = Debug;
		};
		FBE048792C182C5D00C71D2D /* Release */ = {
			isa = XCBuildConfiguration;
			buildSettings = {
				ALWAYS_SEARCH_USER_PATHS = NO;
				ASSETCATALOG_COMPILER_GENERATE_SWIFT_ASSET_SYMBOL_EXTENSIONS = YES;
				CLANG_ANALYZER_NONNULL = YES;
				CLANG_ANALYZER_NUMBER_OBJECT_CONVERSION = YES_AGGRESSIVE;
				CLANG_CXX_LANGUAGE_STANDARD = "gnu++20";
				CLANG_ENABLE_MODULES = YES;
				CLANG_ENABLE_OBJC_ARC = YES;
				CLANG_ENABLE_OBJC_WEAK = YES;
				CLANG_WARN_BLOCK_CAPTURE_AUTORELEASING = YES;
				CLANG_WARN_BOOL_CONVERSION = YES;
				CLANG_WARN_COMMA = YES;
				CLANG_WARN_CONSTANT_CONVERSION = YES;
				CLANG_WARN_DEPRECATED_OBJC_IMPLEMENTATIONS = YES;
				CLANG_WARN_DIRECT_OBJC_ISA_USAGE = YES_ERROR;
				CLANG_WARN_DOCUMENTATION_COMMENTS = YES;
				CLANG_WARN_EMPTY_BODY = YES;
				CLANG_WARN_ENUM_CONVERSION = YES;
				CLANG_WARN_INFINITE_RECURSION = YES;
				CLANG_WARN_INT_CONVERSION = YES;
				CLANG_WARN_NON_LITERAL_NULL_CONVERSION = YES;
				CLANG_WARN_OBJC_IMPLICIT_RETAIN_SELF = YES;
				CLANG_WARN_OBJC_LITERAL_CONVERSION = YES;
				CLANG_WARN_OBJC_ROOT_CLASS = YES_ERROR;
				CLANG_WARN_QUOTED_INCLUDE_IN_FRAMEWORK_HEADER = YES;
				CLANG_WARN_RANGE_LOOP_ANALYSIS = YES;
				CLANG_WARN_STRICT_PROTOTYPES = YES;
				CLANG_WARN_SUSPICIOUS_MOVE = YES;
				CLANG_WARN_UNGUARDED_AVAILABILITY = YES_AGGRESSIVE;
				CLANG_WARN_UNREACHABLE_CODE = YES;
				CLANG_WARN__DUPLICATE_METHOD_MATCH = YES;
				COPY_PHASE_STRIP = NO;
				DEBUG_INFORMATION_FORMAT = "dwarf-with-dsym";
				ENABLE_NS_ASSERTIONS = NO;
				ENABLE_STRICT_OBJC_MSGSEND = YES;
				ENABLE_USER_SCRIPT_SANDBOXING = YES;
				GCC_C_LANGUAGE_STANDARD = gnu17;
				GCC_NO_COMMON_BLOCKS = YES;
				GCC_WARN_64_TO_32_BIT_CONVERSION = YES;
				GCC_WARN_ABOUT_RETURN_TYPE = YES_ERROR;
				GCC_WARN_UNDECLARED_SELECTOR = YES;
				GCC_WARN_UNINITIALIZED_AUTOS = YES_AGGRESSIVE;
				GCC_WARN_UNUSED_FUNCTION = YES;
				GCC_WARN_UNUSED_VARIABLE = YES;
				IPHONEOS_DEPLOYMENT_TARGET = 17.5;
				LOCALIZATION_PREFERS_STRING_CATALOGS = YES;
				MTL_ENABLE_DEBUG_INFO = NO;
				MTL_FAST_MATH = YES;
				SDKROOT = iphoneos;
				SWIFT_COMPILATION_MODE = wholemodule;
				VALIDATE_PRODUCT = YES;
			};
			name = Release;
		};
		FBE0487B2C182C5D00C71D2D /* Debug */ = {
			isa = XCBuildConfiguration;
			buildSettings = {
				ASSETCATALOG_COMPILER_APPICON_NAME = AppIcon;
				ASSETCATALOG_COMPILER_GLOBAL_ACCENT_COLOR_NAME = AccentColor;
				CODE_SIGN_STYLE = Automatic;
				CURRENT_PROJECT_VERSION = 1;
				DEVELOPMENT_ASSET_PATHS = "\"Issue Solver/Preview Content\"";
				DEVELOPMENT_TEAM = QY5V977RG7;
				ENABLE_PREVIEWS = YES;
				GENERATE_INFOPLIST_FILE = YES;
				INFOPLIST_FILE = "Issue-Solver-Info.plist";
				INFOPLIST_KEY_UIApplicationSceneManifest_Generation = YES;
				INFOPLIST_KEY_UIApplicationSupportsIndirectInputEvents = YES;
				INFOPLIST_KEY_UILaunchScreen_Generation = YES;
				INFOPLIST_KEY_UISupportedInterfaceOrientations_iPad = "UIInterfaceOrientationPortrait UIInterfaceOrientationPortraitUpsideDown UIInterfaceOrientationLandscapeLeft UIInterfaceOrientationLandscapeRight";
				INFOPLIST_KEY_UISupportedInterfaceOrientations_iPhone = "UIInterfaceOrientationPortrait UIInterfaceOrientationLandscapeLeft UIInterfaceOrientationLandscapeRight";
				IPHONEOS_DEPLOYMENT_TARGET = 15.0;
				LD_RUNPATH_SEARCH_PATHS = (
					"$(inherited)",
					"@executable_path/Frameworks",
				);
				MARKETING_VERSION = 1.0;
				PRODUCT_BUNDLE_IDENTIFIER = "com.idda.Issue-Solver";
				PRODUCT_NAME = "$(TARGET_NAME)";
				SUPPORTED_PLATFORMS = "iphoneos iphonesimulator";
				SUPPORTS_MACCATALYST = NO;
				SUPPORTS_MAC_DESIGNED_FOR_IPHONE_IPAD = NO;
				SUPPORTS_XR_DESIGNED_FOR_IPHONE_IPAD = NO;
				SWIFT_EMIT_LOC_STRINGS = YES;
				SWIFT_VERSION = 5.0;
				TARGETED_DEVICE_FAMILY = 1;
			};
			name = Debug;
		};
		FBE0487C2C182C5D00C71D2D /* Release */ = {
			isa = XCBuildConfiguration;
			buildSettings = {
				ASSETCATALOG_COMPILER_APPICON_NAME = AppIcon;
				ASSETCATALOG_COMPILER_GLOBAL_ACCENT_COLOR_NAME = AccentColor;
				CODE_SIGN_STYLE = Automatic;
				CURRENT_PROJECT_VERSION = 1;
				DEVELOPMENT_ASSET_PATHS = "\"Issue Solver/Preview Content\"";
				DEVELOPMENT_TEAM = QY5V977RG7;
				ENABLE_PREVIEWS = YES;
				GENERATE_INFOPLIST_FILE = YES;
				INFOPLIST_FILE = "Issue-Solver-Info.plist";
				INFOPLIST_KEY_UIApplicationSceneManifest_Generation = YES;
				INFOPLIST_KEY_UIApplicationSupportsIndirectInputEvents = YES;
				INFOPLIST_KEY_UILaunchScreen_Generation = YES;
				INFOPLIST_KEY_UISupportedInterfaceOrientations_iPad = "UIInterfaceOrientationPortrait UIInterfaceOrientationPortraitUpsideDown UIInterfaceOrientationLandscapeLeft UIInterfaceOrientationLandscapeRight";
				INFOPLIST_KEY_UISupportedInterfaceOrientations_iPhone = "UIInterfaceOrientationPortrait UIInterfaceOrientationLandscapeLeft UIInterfaceOrientationLandscapeRight";
				IPHONEOS_DEPLOYMENT_TARGET = 15.0;
				LD_RUNPATH_SEARCH_PATHS = (
					"$(inherited)",
					"@executable_path/Frameworks",
				);
				MARKETING_VERSION = 1.0;
				PRODUCT_BUNDLE_IDENTIFIER = "com.idda.Issue-Solver";
				PRODUCT_NAME = "$(TARGET_NAME)";
				SUPPORTED_PLATFORMS = "iphoneos iphonesimulator";
				SUPPORTS_MACCATALYST = NO;
				SUPPORTS_MAC_DESIGNED_FOR_IPHONE_IPAD = NO;
				SUPPORTS_XR_DESIGNED_FOR_IPHONE_IPAD = NO;
				SWIFT_EMIT_LOC_STRINGS = YES;
				SWIFT_VERSION = 5.0;
				TARGETED_DEVICE_FAMILY = 1;
			};
			name = Release;
		};
/* End XCBuildConfiguration section */

/* Begin XCConfigurationList section */
		FBE048672C182C5900C71D2D /* Build configuration list for PBXProject "Issue Solver" */ = {
			isa = XCConfigurationList;
			buildConfigurations = (
				FBE048782C182C5D00C71D2D /* Debug */,
				FBE048792C182C5D00C71D2D /* Release */,
			);
			defaultConfigurationIsVisible = 0;
			defaultConfigurationName = Release;
		};
		FBE0487A2C182C5D00C71D2D /* Build configuration list for PBXNativeTarget "Issue Solver" */ = {
			isa = XCConfigurationList;
			buildConfigurations = (
				FBE0487B2C182C5D00C71D2D /* Debug */,
				FBE0487C2C182C5D00C71D2D /* Release */,
			);
			defaultConfigurationIsVisible = 0;
			defaultConfigurationName = Release;
		};
/* End XCConfigurationList section */

/* Begin XCSwiftPackageProductDependency section */
		8CA3EAFB2C1C647300514134 /* NetworkingPack */ = {
			isa = XCSwiftPackageProductDependency;
			productName = NetworkingPack;
		};
/* End XCSwiftPackageProductDependency section */
	};
	rootObject = FBE048642C182C5900C71D2D /* Project object */;
}
